{
  "version": 4,
  "terraform_version": "1.2.3",
  "serial": 21,
  "lineage": "c7c1db70-589a-7727-27b1-0d6d2ef5893c",
  "outputs": {
    "public_sn0_id": {
      "value": "subnet-01320a47ade162d25",
      "type": "string"
    },
    "vpc_id_test": {
      "value": "vpc-0c11570616f34dad9",
      "type": "string"
    },
    "vpc_name": {
      "value": "JasperMainNet",
      "type": "string"
    }
  },
  "resources": [
    {
      "module": "module.ec2.module.ec2_instance",
      "mode": "managed",
      "type": "aws_instance",
      "name": "this",
      "provider": "provider[\"registry.terraform.io/hashicorp/aws\"]",
      "instances": [
        {
          "index_key": 0,
          "schema_version": 1,
          "attributes": {
            "ami": "ami-0b0ea68c435eb488d",
            "arn": "arn:aws:ec2:us-east-1:334078841103:instance/i-013acb8876ae444f5",
            "associate_public_ip_address": true,
            "availability_zone": "us-east-1a",
            "capacity_reservation_specification": [
              {
                "capacity_reservation_preference": "open",
                "capacity_reservation_target": []
              }
            ],
            "cpu_core_count": 1,
            "cpu_threads_per_core": 1,
            "credit_specification": [
              {
                "cpu_credits": "standard"
              }
            ],
            "disable_api_stop": false,
            "disable_api_termination": false,
            "ebs_block_device": [],
            "ebs_optimized": false,
            "enclave_options": [
              {
                "enabled": false
              }
            ],
            "ephemeral_block_device": [],
            "get_password_data": false,
            "hibernation": false,
            "host_id": null,
            "iam_instance_profile": "",
            "id": "i-013acb8876ae444f5",
            "instance_initiated_shutdown_behavior": "stop",
            "instance_state": "running",
            "instance_type": "t2.micro",
            "ipv6_address_count": 0,
            "ipv6_addresses": [],
            "key_name": "tf_key",
            "launch_template": [],
            "maintenance_options": [
              {
                "auto_recovery": "default"
              }
            ],
            "metadata_options": [
              {
                "http_endpoint": "enabled",
                "http_put_response_hop_limit": 1,
                "http_tokens": "optional",
                "instance_metadata_tags": "disabled"
              }
            ],
            "monitoring": true,
            "network_interface": [],
            "outpost_arn": "",
            "password_data": "",
            "placement_group": "",
            "placement_partition_number": null,
            "primary_network_interface_id": "eni-0a0c14835e2469f71",
            "private_dns": "ip-10-100-32-215.ec2.internal",
            "private_dns_name_options": [
              {
                "enable_resource_name_dns_a_record": false,
                "enable_resource_name_dns_aaaa_record": false,
                "hostname_type": "ip-name"
              }
            ],
            "private_ip": "10.100.32.215",
            "public_dns": "",
            "public_ip": "54.234.189.177",
            "root_block_device": [
              {
                "delete_on_termination": true,
                "device_name": "/dev/sda1",
                "encrypted": false,
                "iops": 100,
                "kms_key_id": "",
                "tags": {},
                "throughput": 0,
                "volume_id": "vol-07144cff11cf86b7f",
                "volume_size": 8,
                "volume_type": "gp2"
              }
            ],
            "secondary_private_ips": [],
            "security_groups": [],
            "source_dest_check": true,
            "subnet_id": "subnet-01320a47ade162d25",
            "tags": {
              "Environment": "dev",
              "Name": "JacksFlamingRevenge",
              "Terraform": "true"
            },
            "tags_all": {
              "Environment": "dev",
              "Name": "JacksFlamingRevenge",
              "Terraform": "true"
            },
            "tenancy": "default",
            "timeouts": {
              "create": null,
              "delete": null,
              "update": null
            },
            "user_data": "df60fe08cfaa52d362fc425f4b7794c03c154add",
            "user_data_base64": null,
            "user_data_replace_on_change": false,
            "volume_tags": {
              "Name": "JacksFlamingRevenge"
            },
            "vpc_security_group_ids": [
              "sg-007bde547d0098bd3"
            ]
          },
          "sensitive_attributes": [],
          "private": "eyJlMmJmYjczMC1lY2FhLTExZTYtOGY4OC0zNDM2M2JjN2M0YzAiOnsiY3JlYXRlIjo2MDAwMDAwMDAwMDAsImRlbGV0ZSI6MTIwMDAwMDAwMDAwMCwidXBkYXRlIjo2MDAwMDAwMDAwMDB9LCJzY2hlbWFfdmVyc2lvbiI6IjEifQ==",
          "dependencies": [
            "module.networking.data.aws_availability_zones.available",
            "module.networking.module.vpc.aws_cloudwatch_log_group.flow_log",
            "module.networking.module.vpc.aws_customer_gateway.this",
            "module.networking.module.vpc.aws_db_subnet_group.database",
            "module.networking.module.vpc.aws_default_network_acl.this",
            "module.networking.module.vpc.aws_default_route_table.default",
            "module.networking.module.vpc.aws_default_security_group.this",
            "module.networking.module.vpc.aws_default_vpc.this",
            "module.networking.module.vpc.aws_egress_only_internet_gateway.this",
            "module.networking.module.vpc.aws_eip.nat",
            "module.networking.module.vpc.aws_elasticache_subnet_group.elasticache",
            "module.networking.module.vpc.aws_flow_log.this",
            "module.networking.module.vpc.aws_iam_policy.vpc_flow_log_cloudwatch",
            "module.networking.module.vpc.aws_iam_role.vpc_flow_log_cloudwatch",
            "module.networking.module.vpc.aws_iam_role_policy_attachment.vpc_flow_log_cloudwatch",
            "module.networking.module.vpc.aws_internet_gateway.this",
            "module.networking.module.vpc.aws_nat_gateway.this",
            "module.networking.module.vpc.aws_network_acl.database",
            "module.networking.module.vpc.aws_network_acl.elasticache",
            "module.networking.module.vpc.aws_network_acl.intra",
            "module.networking.module.vpc.aws_network_acl.outpost",
            "module.networking.module.vpc.aws_network_acl.private",
            "module.networking.module.vpc.aws_network_acl.public",
            "module.networking.module.vpc.aws_network_acl.redshift",
            "module.networking.module.vpc.aws_network_acl_rule.database_inbound",
            "module.networking.module.vpc.aws_network_acl_rule.database_outbound",
            "module.networking.module.vpc.aws_network_acl_rule.elasticache_inbound",
            "module.networking.module.vpc.aws_network_acl_rule.elasticache_outbound",
            "module.networking.module.vpc.aws_network_acl_rule.intra_inbound",
            "module.networking.module.vpc.aws_network_acl_rule.intra_outbound",
            "module.networking.module.vpc.aws_network_acl_rule.outpost_inbound",
            "module.networking.module.vpc.aws_network_acl_rule.outpost_outbound",
            "module.networking.module.vpc.aws_network_acl_rule.private_inbound",
            "module.networking.module.vpc.aws_network_acl_rule.private_outbound",
            "module.networking.module.vpc.aws_network_acl_rule.public_inbound",
            "module.networking.module.vpc.aws_network_acl_rule.public_outbound",
            "module.networking.module.vpc.aws_network_acl_rule.redshift_inbound",
            "module.networking.module.vpc.aws_network_acl_rule.redshift_outbound",
            "module.networking.module.vpc.aws_redshift_subnet_group.redshift",
            "module.networking.module.vpc.aws_route.database_internet_gateway",
            "module.networking.module.vpc.aws_route.database_ipv6_egress",
            "module.networking.module.vpc.aws_route.database_nat_gateway",
            "module.networking.module.vpc.aws_route.private_ipv6_egress",
            "module.networking.module.vpc.aws_route.private_nat_gateway",
            "module.networking.module.vpc.aws_route.public_internet_gateway",
            "module.networking.module.vpc.aws_route.public_internet_gateway_ipv6",
            "module.networking.module.vpc.aws_route_table.database",
            "module.networking.module.vpc.aws_route_table.elasticache",
            "module.networking.module.vpc.aws_route_table.intra",
            "module.networking.module.vpc.aws_route_table.private",
            "module.networking.module.vpc.aws_route_table.public",
            "module.networking.module.vpc.aws_route_table.redshift",
            "module.networking.module.vpc.aws_route_table_association.database",
            "module.networking.module.vpc.aws_route_table_association.elasticache",
            "module.networking.module.vpc.aws_route_table_association.intra",
            "module.networking.module.vpc.aws_route_table_association.outpost",
            "module.networking.module.vpc.aws_route_table_association.private",
            "module.networking.module.vpc.aws_route_table_association.public",
            "module.networking.module.vpc.aws_route_table_association.redshift",
            "module.networking.module.vpc.aws_route_table_association.redshift_public",
            "module.networking.module.vpc.aws_subnet.database",
            "module.networking.module.vpc.aws_subnet.elasticache",
            "module.networking.module.vpc.aws_subnet.intra",
            "module.networking.module.vpc.aws_subnet.outpost",
            "module.networking.module.vpc.aws_subnet.private",
            "module.networking.module.vpc.aws_subnet.public",
            "module.networking.module.vpc.aws_subnet.redshift",
            "module.networking.module.vpc.aws_vpc.this",
            "module.networking.module.vpc.aws_vpc_dhcp_options.this",
            "module.networking.module.vpc.aws_vpc_dhcp_options_association.this",
            "module.networking.module.vpc.aws_vpc_ipv4_cidr_block_association.this",
            "module.networking.module.vpc.aws_vpn_gateway.this",
            "module.networking.module.vpc.aws_vpn_gateway_attachment.this",
            "module.networking.module.vpc.aws_vpn_gateway_route_propagation.intra",
            "module.networking.module.vpc.aws_vpn_gateway_route_propagation.private",
            "module.networking.module.vpc.aws_vpn_gateway_route_propagation.public",
            "module.networking.module.vpc.data.aws_iam_policy_document.flow_log_cloudwatch_assume_role",
            "module.networking.module.vpc.data.aws_iam_policy_document.vpc_flow_log_cloudwatch"
          ]
        }
      ]
    },
    {
      "module": "module.key_gen",
      "mode": "managed",
      "type": "local_file",
      "name": "created_keypair_to_local",
      "provider": "provider[\"registry.terraform.io/hashicorp/local\"]",
      "instances": [
        {
          "schema_version": 0,
          "attributes": {
            "content": "-----BEGIN RSA PRIVATE KEY-----\nMIIJKgIBAAKCAgEAsPnATEpisOeJ4C+nwRSEgnNTFlQx29KyTM1LF6fSzDNO4ShD\nGQWPr5EOrk37k3ocOxMvDQ8uKeu0GYHLTW0jSNhMlJFKcwhWXnD57V+0CiISR+z1\nFp5jWkzjTa8ao87vPGcSa0CAIWN0Dj7Q2e7w93jKgyCAg2uj8bkr6es131QgBakM\nZshoNrN03ZjyFZ8yx1NEtbbVI/3AcvdDkkVJm0QNASEeHmOcDGkfHjME/fLa9YFc\nCDQZlWlrh8DyuTYI0tUS5/kAcer5xznZGhCW6bvdCySqoCCZyWPEqbrLGrOJzNSP\nGm3z+OoeA8JQhMvZTkwI+F6spajV6KGm4MUOUKl/urvjk04cZlzBk5FordpueUSP\njYkeE85untQqAfeVG4xY3JhRlekZPKtj5bmROvgbP1YKjW7jcfmMyzC0H3aJG2KQ\nr+z3iTpeacGwThODnhcIairos4iu51glheUOM/Hp8aRw0OqmafgLoK7To8OcZStl\nzqcZEROvAnNqSmxRWCoabiF2x+0QhxwGnsgvs2KAmrttmlVK2/wJwW39SAMpGoV5\npzE0bUR94b0PAhb4BccvbIBdbJby5aZ/wSr+ZUGpDMjTv5WeH4se/RQgEuqoxElD\npqFSXF7oKze/ZZIc0ZjbUYmMNUjj+MZzPoVML7pAQPMNVuCQvMv6E1QqR9MCAwEA\nAQKCAgEAkTzl67ZAOB5MsIdrjLFh7gzm6zQ9lsHbQdxY/Bjmjl6tJWr9ZdOCj/rj\nqXimNenIsVKVEoqawByHuUcjqW8fvfCFKIf0KWN2PhtJgN1By+8aQZzdpqplrv3a\nrS4/FqAFBfUw0IQmo0ATRn2WuMO3TeD7kZFi5ne4G/BzcY1usNFBVmPdoZxmqj2s\ncw/J3KTB74MOqHJbiSX+glsaQThLp/i5E2wyY44ryqOavhXwytg7ia+X78OSG2Rg\nsxBOImGN7DihQ26+Rr8oLa/z08g5kahzR2nX/YHDs9sE0qZReKBPPqJSrsX9qxG3\ngC5AFjuVIwSTeAF6fpmIs1m2slAF5h4p+Ei4znn9CJZgr6MWZ4ON3Ta6q7cl2cA/\n1Rygx5DJUN6tN68TWuutAvoln8qUB5sV8prRM5BPb6wrurjAmvxdiMc+xz1kR6Jb\nfriBKbG0MPfHDIsMbIVvDwUnoTZpUazwKerYlFTJWp9X9j1gdy9lPqvNNvBzPprF\nHe9JNew54UpXsBbuKZKa6tcSnSz466OTL11xXqLX7s861vMVl+H5foEWY43UsQ5l\nNjurHJ0MFX9r2nzTzq54Ay5BTXvf3G+/onuHAkObZEARNFYLx06Cc3AI0XrsOWY2\nC1wmz1c70rV7j+me2Qml3VAix6n9odmtDVTe4+KFTRny+vhDUIECggEBAOcMBZEU\ndcXh+/3ffHesfKZm3FShOIfma/bZCG1h9mYPKlAPGs428OyC33zK3hY79E3vrEtn\nQwMxNH+pRhtpssaFQFynK7HsGsVeDOQkB/FK9v2Bme+ffEJ5cvfrIGf2EeTzSuGm\nVjhEE8mV8+5UCd1w73bPy8CUFGodex7joom0sjTE+hhLAUnav/XEKlYjja86Rl8S\nNaGJYD9MZ/elirJ2KQ+NxxrnW8DbSIDb9VjEft6794gUCCVn0EjIVtXZ6LNN083S\nWXrLfZL8pyNYyDFo7NqkqpipUGwD7J4jjVng+usLlqP1kQLR7e8w9cwN6feqeAKp\nvlUDnNFM7IJRJCsCggEBAMQWxB6BLEsOzb0VKaBtW5zyoNZhi4/tXFeOyLg9ph7d\njW62emkQ9o4L6v1ImXBKQtKydV/9u/Z6JqZskZbuaOTnO/xRjbE5BnjLWkuOeNca\nXik2+xkCz7FOTGlpUQzKHDujfnW1bQoNHs/5ql2djAoOdBAlSWT3h+LISCMuQFzY\nD+j0JtuZg9g7T7oD6QFEzgXVfV44Js4THX9jQ9f95hldYQ4/xxZzwt4xhbJjSycH\nAFxkjyoZ5GAl01i+tWXymkJLcpPrqqvV+/hCrmZdEPKzedLv2wCPg4C8VMBJMr2u\n01wkUHGIKMibn7x9TmmicCT8B5tNWsaHYHzAUdUrTvkCggEBAJqSs2K1YnmJz7Gw\nA7B4yEf3Ru6jkZNx98cEuhubz2HGQZOgF1ng7dv9TpFJk70iTTaa4xTrN6z6DVpf\nIBUU6NLhsQaLnLMC94IVguBarqmico11WEw00cgTQnRUbLDAsoYOsok2ZDZubSKP\nXMuUk6j/dmVxbaogJ2w63vTya/pe1l5xbbQ08d68J3K/02cfkBmsDgpqv1Cb/LU8\nY84NhTYR0TSjsJHyOLNUwTPcdE733r0a2ebDKBQGWRVoWpflmkXjCpGHae+6Ff/x\nYcxHCF/uB4/bXHqXw8MP+QxvUpDP8G6xqQ12K5bMZbeBdOAYavATrwhxEXIE4bQx\nF4WzzVMCggEBALDAXLOqeASIKYegxc7oBEZqpfPYJXbs2+nIuMDqQQ1dY5lCPwDp\n23Sa5Yy9niGLrsRBPG/0RTOdU617+5fy+vYqQPXlhTUUU/MaSiAFIoOyLuIzvw8C\na7hE/beeyQIgRGa1rs3nZYxD21xYjeqokoyWDqRnF8s9HG2dXvjnPfjygRTYzxXv\nQNruS6U+1Q7huFul3sXJE6F5tYMYNRVCteBzPYMclhZ07lheh0cPHbTmKLsfobSv\ndh38uo8qCFUG42mSnIsdSNBvqBpV8OIwTZCXmt46ekv9EOo/2J0i3ewA5GAQE7ri\novCA5vF+eenaFAAidbDVf1eou553tMvTp/ECggEAGgbQmh1SPlnr4xNFNatjOrZi\nOS1tVWsCqi/6heKJecr9WbSQolklknJFRaQ96re9UlycOybORW2nQdsMySYSGCJ+\n3PE87/EhuOWWat1DwOC+pdEGckPSik+Kt1fVdm4g+mx70l1bMPiXKwwWQvXGxqs5\nOjDsh4JS3xslhCGjtpoZKaqvN4kfjNZWNoOXlg6JbKWJPGj90/bQplVAeHdNnref\nWeUp5aaCqghZ/k4c1P/jXHCv5hc1L36NmQtB60PcX6VcSewXXfdvQZumcYkRDqT0\n7/5Top75d4rKo9xzcFQEeN5qXHpitmA0nIlXcSxSBiwn1Nnl2N73a/njkDJ7Xw==\n-----END RSA PRIVATE KEY-----\n",
            "content_base64": null,
            "directory_permission": "0777",
            "file_permission": "0777",
            "filename": "tfkey.pem",
            "id": "431aabb6bd6975aec8c3b845cf5606067fc8c903",
            "sensitive_content": null,
            "source": null
          },
          "sensitive_attributes": [
            [
              {
                "type": "get_attr",
                "value": "content"
              }
            ]
          ],
          "private": "bnVsbA==",
          "dependencies": [
            "module.key_gen.tls_private_key.rsa"
          ]
        }
      ]
    },
    {
      "module": "module.key_gen",
      "mode": "managed",
      "type": "tls_private_key",
      "name": "rsa",
      "provider": "provider[\"registry.terraform.io/hashicorp/tls\"]",
      "instances": [
        {
          "schema_version": 0,
          "attributes": {
            "algorithm": "RSA",
            "ecdsa_curve": "P224",
            "id": "84e280ae19e260c6a1e675b014a0d9277eac246f",
            "private_key_openssh": "-----BEGIN OPENSSH PRIVATE KEY-----\nb3BlbnNzaC1rZXktdjEAAAAABG5vbmUAAAAEbm9uZQAAAAAAAAABAAACFwAAAAdz\nc2gtcnNhAAAAAwEAAQAAAgEAsPnATEpisOeJ4C+nwRSEgnNTFlQx29KyTM1LF6fS\nzDNO4ShDGQWPr5EOrk37k3ocOxMvDQ8uKeu0GYHLTW0jSNhMlJFKcwhWXnD57V+0\nCiISR+z1Fp5jWkzjTa8ao87vPGcSa0CAIWN0Dj7Q2e7w93jKgyCAg2uj8bkr6es1\n31QgBakMZshoNrN03ZjyFZ8yx1NEtbbVI/3AcvdDkkVJm0QNASEeHmOcDGkfHjME\n/fLa9YFcCDQZlWlrh8DyuTYI0tUS5/kAcer5xznZGhCW6bvdCySqoCCZyWPEqbrL\nGrOJzNSPGm3z+OoeA8JQhMvZTkwI+F6spajV6KGm4MUOUKl/urvjk04cZlzBk5Fo\nrdpueUSPjYkeE85untQqAfeVG4xY3JhRlekZPKtj5bmROvgbP1YKjW7jcfmMyzC0\nH3aJG2KQr+z3iTpeacGwThODnhcIairos4iu51glheUOM/Hp8aRw0OqmafgLoK7T\no8OcZStlzqcZEROvAnNqSmxRWCoabiF2x+0QhxwGnsgvs2KAmrttmlVK2/wJwW39\nSAMpGoV5pzE0bUR94b0PAhb4BccvbIBdbJby5aZ/wSr+ZUGpDMjTv5WeH4se/RQg\nEuqoxElDpqFSXF7oKze/ZZIc0ZjbUYmMNUjj+MZzPoVML7pAQPMNVuCQvMv6E1Qq\nR9MAAAc44TFcG+ExXBsAAAAHc3NoLXJzYQAAAgEAsPnATEpisOeJ4C+nwRSEgnNT\nFlQx29KyTM1LF6fSzDNO4ShDGQWPr5EOrk37k3ocOxMvDQ8uKeu0GYHLTW0jSNhM\nlJFKcwhWXnD57V+0CiISR+z1Fp5jWkzjTa8ao87vPGcSa0CAIWN0Dj7Q2e7w93jK\ngyCAg2uj8bkr6es131QgBakMZshoNrN03ZjyFZ8yx1NEtbbVI/3AcvdDkkVJm0QN\nASEeHmOcDGkfHjME/fLa9YFcCDQZlWlrh8DyuTYI0tUS5/kAcer5xznZGhCW6bvd\nCySqoCCZyWPEqbrLGrOJzNSPGm3z+OoeA8JQhMvZTkwI+F6spajV6KGm4MUOUKl/\nurvjk04cZlzBk5FordpueUSPjYkeE85untQqAfeVG4xY3JhRlekZPKtj5bmROvgb\nP1YKjW7jcfmMyzC0H3aJG2KQr+z3iTpeacGwThODnhcIairos4iu51glheUOM/Hp\n8aRw0OqmafgLoK7To8OcZStlzqcZEROvAnNqSmxRWCoabiF2x+0QhxwGnsgvs2KA\nmrttmlVK2/wJwW39SAMpGoV5pzE0bUR94b0PAhb4BccvbIBdbJby5aZ/wSr+ZUGp\nDMjTv5WeH4se/RQgEuqoxElDpqFSXF7oKze/ZZIc0ZjbUYmMNUjj+MZzPoVML7pA\nQPMNVuCQvMv6E1QqR9MAAAADAQABAAACAQCRPOXrtkA4Hkywh2uMsWHuDObrND2W\nwdtB3Fj8GOaOXq0lav1l04KP+uOpeKY16cixUpUSiprAHIe5RyOpbx+98IUoh/Qp\nY3Y+G0mA3UHL7xpBnN2mqmWu/dqtLj8WoAUF9TDQhCajQBNGfZa4w7dN4PuRkWLm\nd7gb8HNxjW6w0UFWY92hnGaqPaxzD8ncpMHvgw6ocluJJf6CWxpBOEun+LkTbDJj\njivKo5q+FfDK2DuJr5fvw5IbZGCzEE4iYY3sOKFDbr5Gvygtr/PTyDmRqHNHadf9\ngcOz2wTSplF4oE8+olKuxf2rEbeALkAWO5UjBJN4AXp+mYizWbayUAXmHin4SLjO\nef0IlmCvoxZng43dNrqrtyXZwD/VHKDHkMlQ3q03rxNa660C+iWfypQHmxXymtEz\nkE9vrCu6uMCa/F2Ixz7HPWRHolt+uIEpsbQw98cMiwxshW8PBSehNmlRrPAp6tiU\nVMlan1f2PWB3L2U+q8028HM+msUd70k17DnhSlewFu4pkprq1xKdLPjro5MvXXFe\notfuzzrW8xWX4fl+gRZjjdSxDmU2O6scnQwVf2vafNPOrngDLkFNe9/cb7+ie4cC\nQ5tkQBE0VgvHToJzcAjReuw5ZjYLXCbPVzvStXuP6Z7ZCaXdUCLHqf2h2a0NVN7j\n4oVNGfL6+ENQgQAAAQAaBtCaHVI+WevjE0U1q2M6tmI5LW1VawKqL/qF4ol5yv1Z\ntJCiWSWSckVFpD3qt71SXJw7Js5FbadB2wzJJhIYIn7c8Tzv8SG45ZZq3UPA4L6l\n0QZyQ9KKT4q3V9V2biD6bHvSXVsw+JcrDBZC9cbGqzk6MOyHglLfGyWEIaO2mhkp\nqq83iR+M1lY2g5eWDolspYk8aP3T9tCmVUB4d02et59Z5SnlpoKqCFn+ThzU/+Nc\ncK/mFzUvfo2ZC0HrQ9xfpVxJ7Bdd929Bm6ZxiREOpPTv/lOinvl3isqj3HNwVAR4\n3mpcemK2YDSciVdxLFIGLCfU2eXY3vdr+eOQMntfAAABAQDnDAWRFHXF4fv933x3\nrHymZtxUoTiH5mv22QhtYfZmDypQDxrONvDsgt98yt4WO/RN76xLZ0MDMTR/qUYb\nabLGhUBcpyux7BrFXgzkJAfxSvb9gZnvn3xCeXL36yBn9hHk80rhplY4RBPJlfPu\nVAndcO92z8vAlBRqHXse46KJtLI0xPoYSwFJ2r/1xCpWI42vOkZfEjWhiWA/TGf3\npYqydikPjcca51vA20iA2/VYxH7eu/eIFAglZ9BIyFbV2eizTdPN0ll6y32S/Kcj\nWMgxaOzapKqYqVBsA+yeI41Z4PrrC5aj9ZEC0e3vMPXMDen3qngCqb5VA5zRTOyC\nUSQrAAABAQDEFsQegSxLDs29FSmgbVuc8qDWYYuP7VxXjsi4PaYe3Y1utnppEPaO\nC+r9SJlwSkLSsnVf/bv2eiambJGW7mjk5zv8UY2xOQZ4y1pLjnjXGl4pNvsZAs+x\nTkxpaVEMyhw7o351tW0KDR7P+apdnYwKDnQQJUlk94fiyEgjLkBc2A/o9CbbmYPY\nO0+6A+kBRM4F1X1eOCbOEx1/Y0PX/eYZXWEOP8cWc8LeMYWyY0snBwBcZI8qGeRg\nJdNYvrVl8ppCS3KT66qr1fv4Qq5mXRDys3nS79sAj4OAvFTASTK9rtNcJFBxiCjI\nm5+8fU5ponAk/AebTVrGh2B8wFHVK075AAAAAAEC\n-----END OPENSSH PRIVATE KEY-----\n",
            "private_key_pem": "-----BEGIN RSA PRIVATE KEY-----\nMIIJKgIBAAKCAgEAsPnATEpisOeJ4C+nwRSEgnNTFlQx29KyTM1LF6fSzDNO4ShD\nGQWPr5EOrk37k3ocOxMvDQ8uKeu0GYHLTW0jSNhMlJFKcwhWXnD57V+0CiISR+z1\nFp5jWkzjTa8ao87vPGcSa0CAIWN0Dj7Q2e7w93jKgyCAg2uj8bkr6es131QgBakM\nZshoNrN03ZjyFZ8yx1NEtbbVI/3AcvdDkkVJm0QNASEeHmOcDGkfHjME/fLa9YFc\nCDQZlWlrh8DyuTYI0tUS5/kAcer5xznZGhCW6bvdCySqoCCZyWPEqbrLGrOJzNSP\nGm3z+OoeA8JQhMvZTkwI+F6spajV6KGm4MUOUKl/urvjk04cZlzBk5FordpueUSP\njYkeE85untQqAfeVG4xY3JhRlekZPKtj5bmROvgbP1YKjW7jcfmMyzC0H3aJG2KQ\nr+z3iTpeacGwThODnhcIairos4iu51glheUOM/Hp8aRw0OqmafgLoK7To8OcZStl\nzqcZEROvAnNqSmxRWCoabiF2x+0QhxwGnsgvs2KAmrttmlVK2/wJwW39SAMpGoV5\npzE0bUR94b0PAhb4BccvbIBdbJby5aZ/wSr+ZUGpDMjTv5WeH4se/RQgEuqoxElD\npqFSXF7oKze/ZZIc0ZjbUYmMNUjj+MZzPoVML7pAQPMNVuCQvMv6E1QqR9MCAwEA\nAQKCAgEAkTzl67ZAOB5MsIdrjLFh7gzm6zQ9lsHbQdxY/Bjmjl6tJWr9ZdOCj/rj\nqXimNenIsVKVEoqawByHuUcjqW8fvfCFKIf0KWN2PhtJgN1By+8aQZzdpqplrv3a\nrS4/FqAFBfUw0IQmo0ATRn2WuMO3TeD7kZFi5ne4G/BzcY1usNFBVmPdoZxmqj2s\ncw/J3KTB74MOqHJbiSX+glsaQThLp/i5E2wyY44ryqOavhXwytg7ia+X78OSG2Rg\nsxBOImGN7DihQ26+Rr8oLa/z08g5kahzR2nX/YHDs9sE0qZReKBPPqJSrsX9qxG3\ngC5AFjuVIwSTeAF6fpmIs1m2slAF5h4p+Ei4znn9CJZgr6MWZ4ON3Ta6q7cl2cA/\n1Rygx5DJUN6tN68TWuutAvoln8qUB5sV8prRM5BPb6wrurjAmvxdiMc+xz1kR6Jb\nfriBKbG0MPfHDIsMbIVvDwUnoTZpUazwKerYlFTJWp9X9j1gdy9lPqvNNvBzPprF\nHe9JNew54UpXsBbuKZKa6tcSnSz466OTL11xXqLX7s861vMVl+H5foEWY43UsQ5l\nNjurHJ0MFX9r2nzTzq54Ay5BTXvf3G+/onuHAkObZEARNFYLx06Cc3AI0XrsOWY2\nC1wmz1c70rV7j+me2Qml3VAix6n9odmtDVTe4+KFTRny+vhDUIECggEBAOcMBZEU\ndcXh+/3ffHesfKZm3FShOIfma/bZCG1h9mYPKlAPGs428OyC33zK3hY79E3vrEtn\nQwMxNH+pRhtpssaFQFynK7HsGsVeDOQkB/FK9v2Bme+ffEJ5cvfrIGf2EeTzSuGm\nVjhEE8mV8+5UCd1w73bPy8CUFGodex7joom0sjTE+hhLAUnav/XEKlYjja86Rl8S\nNaGJYD9MZ/elirJ2KQ+NxxrnW8DbSIDb9VjEft6794gUCCVn0EjIVtXZ6LNN083S\nWXrLfZL8pyNYyDFo7NqkqpipUGwD7J4jjVng+usLlqP1kQLR7e8w9cwN6feqeAKp\nvlUDnNFM7IJRJCsCggEBAMQWxB6BLEsOzb0VKaBtW5zyoNZhi4/tXFeOyLg9ph7d\njW62emkQ9o4L6v1ImXBKQtKydV/9u/Z6JqZskZbuaOTnO/xRjbE5BnjLWkuOeNca\nXik2+xkCz7FOTGlpUQzKHDujfnW1bQoNHs/5ql2djAoOdBAlSWT3h+LISCMuQFzY\nD+j0JtuZg9g7T7oD6QFEzgXVfV44Js4THX9jQ9f95hldYQ4/xxZzwt4xhbJjSycH\nAFxkjyoZ5GAl01i+tWXymkJLcpPrqqvV+/hCrmZdEPKzedLv2wCPg4C8VMBJMr2u\n01wkUHGIKMibn7x9TmmicCT8B5tNWsaHYHzAUdUrTvkCggEBAJqSs2K1YnmJz7Gw\nA7B4yEf3Ru6jkZNx98cEuhubz2HGQZOgF1ng7dv9TpFJk70iTTaa4xTrN6z6DVpf\nIBUU6NLhsQaLnLMC94IVguBarqmico11WEw00cgTQnRUbLDAsoYOsok2ZDZubSKP\nXMuUk6j/dmVxbaogJ2w63vTya/pe1l5xbbQ08d68J3K/02cfkBmsDgpqv1Cb/LU8\nY84NhTYR0TSjsJHyOLNUwTPcdE733r0a2ebDKBQGWRVoWpflmkXjCpGHae+6Ff/x\nYcxHCF/uB4/bXHqXw8MP+QxvUpDP8G6xqQ12K5bMZbeBdOAYavATrwhxEXIE4bQx\nF4WzzVMCggEBALDAXLOqeASIKYegxc7oBEZqpfPYJXbs2+nIuMDqQQ1dY5lCPwDp\n23Sa5Yy9niGLrsRBPG/0RTOdU617+5fy+vYqQPXlhTUUU/MaSiAFIoOyLuIzvw8C\na7hE/beeyQIgRGa1rs3nZYxD21xYjeqokoyWDqRnF8s9HG2dXvjnPfjygRTYzxXv\nQNruS6U+1Q7huFul3sXJE6F5tYMYNRVCteBzPYMclhZ07lheh0cPHbTmKLsfobSv\ndh38uo8qCFUG42mSnIsdSNBvqBpV8OIwTZCXmt46ekv9EOo/2J0i3ewA5GAQE7ri\novCA5vF+eenaFAAidbDVf1eou553tMvTp/ECggEAGgbQmh1SPlnr4xNFNatjOrZi\nOS1tVWsCqi/6heKJecr9WbSQolklknJFRaQ96re9UlycOybORW2nQdsMySYSGCJ+\n3PE87/EhuOWWat1DwOC+pdEGckPSik+Kt1fVdm4g+mx70l1bMPiXKwwWQvXGxqs5\nOjDsh4JS3xslhCGjtpoZKaqvN4kfjNZWNoOXlg6JbKWJPGj90/bQplVAeHdNnref\nWeUp5aaCqghZ/k4c1P/jXHCv5hc1L36NmQtB60PcX6VcSewXXfdvQZumcYkRDqT0\n7/5Top75d4rKo9xzcFQEeN5qXHpitmA0nIlXcSxSBiwn1Nnl2N73a/njkDJ7Xw==\n-----END RSA PRIVATE KEY-----\n",
            "public_key_fingerprint_md5": "27:2e:ab:9c:71:47:53:b5:7d:23:37:2b:27:2f:67:d1",
            "public_key_fingerprint_sha256": "SHA256:rsRDMfv2Nzoh+08WHWgHYocfQNlir6B53MtyGktwFv0",
            "public_key_openssh": "ssh-rsa AAAAB3NzaC1yc2EAAAADAQABAAACAQCw+cBMSmKw54ngL6fBFISCc1MWVDHb0rJMzUsXp9LMM07hKEMZBY+vkQ6uTfuTehw7Ey8NDy4p67QZgctNbSNI2EyUkUpzCFZecPntX7QKIhJH7PUWnmNaTONNrxqjzu88ZxJrQIAhY3QOPtDZ7vD3eMqDIICDa6PxuSvp6zXfVCAFqQxmyGg2s3TdmPIVnzLHU0S1ttUj/cBy90OSRUmbRA0BIR4eY5wMaR8eMwT98tr1gVwINBmVaWuHwPK5NgjS1RLn+QBx6vnHOdkaEJbpu90LJKqgIJnJY8Spussas4nM1I8abfP46h4DwlCEy9lOTAj4XqylqNXooabgxQ5QqX+6u+OTThxmXMGTkWit2m55RI+NiR4Tzm6e1CoB95UbjFjcmFGV6Rk8q2PluZE6+Bs/VgqNbuNx+YzLMLQfdokbYpCv7PeJOl5pwbBOE4OeFwhqKuiziK7nWCWF5Q4z8enxpHDQ6qZp+AugrtOjw5xlK2XOpxkRE68Cc2pKbFFYKhpuIXbH7RCHHAaeyC+zYoCau22aVUrb/AnBbf1IAykahXmnMTRtRH3hvQ8CFvgFxy9sgF1slvLlpn/BKv5lQakMyNO/lZ4fix79FCAS6qjESUOmoVJcXugrN79lkhzRmNtRiYw1SOP4xnM+hUwvukBA8w1W4JC8y/oTVCpH0w==\n",
            "public_key_pem": "-----BEGIN PUBLIC KEY-----\nMIICIjANBgkqhkiG9w0BAQEFAAOCAg8AMIICCgKCAgEAsPnATEpisOeJ4C+nwRSE\ngnNTFlQx29KyTM1LF6fSzDNO4ShDGQWPr5EOrk37k3ocOxMvDQ8uKeu0GYHLTW0j\nSNhMlJFKcwhWXnD57V+0CiISR+z1Fp5jWkzjTa8ao87vPGcSa0CAIWN0Dj7Q2e7w\n93jKgyCAg2uj8bkr6es131QgBakMZshoNrN03ZjyFZ8yx1NEtbbVI/3AcvdDkkVJ\nm0QNASEeHmOcDGkfHjME/fLa9YFcCDQZlWlrh8DyuTYI0tUS5/kAcer5xznZGhCW\n6bvdCySqoCCZyWPEqbrLGrOJzNSPGm3z+OoeA8JQhMvZTkwI+F6spajV6KGm4MUO\nUKl/urvjk04cZlzBk5FordpueUSPjYkeE85untQqAfeVG4xY3JhRlekZPKtj5bmR\nOvgbP1YKjW7jcfmMyzC0H3aJG2KQr+z3iTpeacGwThODnhcIairos4iu51glheUO\nM/Hp8aRw0OqmafgLoK7To8OcZStlzqcZEROvAnNqSmxRWCoabiF2x+0QhxwGnsgv\ns2KAmrttmlVK2/wJwW39SAMpGoV5pzE0bUR94b0PAhb4BccvbIBdbJby5aZ/wSr+\nZUGpDMjTv5WeH4se/RQgEuqoxElDpqFSXF7oKze/ZZIc0ZjbUYmMNUjj+MZzPoVM\nL7pAQPMNVuCQvMv6E1QqR9MCAwEAAQ==\n-----END PUBLIC KEY-----\n",
            "rsa_bits": 4096
          },
          "sensitive_attributes": [],
          "private": "bnVsbA=="
        }
      ]
    },
    {
      "module": "module.key_gen.module.key_pair",
      "mode": "managed",
      "type": "aws_key_pair",
      "name": "this",
      "provider": "provider[\"registry.terraform.io/hashicorp/aws\"]",
      "instances": [
        {
          "index_key": 0,
          "schema_version": 1,
          "attributes": {
            "arn": "arn:aws:ec2:us-east-1:334078841103:key-pair/tf_key",
            "fingerprint": "01:fe:be:ee:55:26:57:3e:d9:71:ed:a1:89:33:ea:6f",
            "id": "tf_key",
            "key_name": "tf_key",
            "key_name_prefix": "",
            "key_pair_id": "key-0743c05f1a1a3f2b4",
            "key_type": "rsa",
            "public_key": "ssh-rsa AAAAB3NzaC1yc2EAAAADAQABAAACAQCw+cBMSmKw54ngL6fBFISCc1MWVDHb0rJMzUsXp9LMM07hKEMZBY+vkQ6uTfuTehw7Ey8NDy4p67QZgctNbSNI2EyUkUpzCFZecPntX7QKIhJH7PUWnmNaTONNrxqjzu88ZxJrQIAhY3QOPtDZ7vD3eMqDIICDa6PxuSvp6zXfVCAFqQxmyGg2s3TdmPIVnzLHU0S1ttUj/cBy90OSRUmbRA0BIR4eY5wMaR8eMwT98tr1gVwINBmVaWuHwPK5NgjS1RLn+QBx6vnHOdkaEJbpu90LJKqgIJnJY8Spussas4nM1I8abfP46h4DwlCEy9lOTAj4XqylqNXooabgxQ5QqX+6u+OTThxmXMGTkWit2m55RI+NiR4Tzm6e1CoB95UbjFjcmFGV6Rk8q2PluZE6+Bs/VgqNbuNx+YzLMLQfdokbYpCv7PeJOl5pwbBOE4OeFwhqKuiziK7nWCWF5Q4z8enxpHDQ6qZp+AugrtOjw5xlK2XOpxkRE68Cc2pKbFFYKhpuIXbH7RCHHAaeyC+zYoCau22aVUrb/AnBbf1IAykahXmnMTRtRH3hvQ8CFvgFxy9sgF1slvLlpn/BKv5lQakMyNO/lZ4fix79FCAS6qjESUOmoVJcXugrN79lkhzRmNtRiYw1SOP4xnM+hUwvukBA8w1W4JC8y/oTVCpH0w==",
            "tags": null,
            "tags_all": {}
          },
          "sensitive_attributes": [],
          "private": "eyJzY2hlbWFfdmVyc2lvbiI6IjEifQ==",
          "dependencies": [
            "module.key_gen.tls_private_key.rsa"
          ]
        }
      ]
    },
    {
      "module": "module.networking",
      "mode": "data",
      "type": "aws_availability_zones",
      "name": "available",
      "provider": "provider[\"registry.terraform.io/hashicorp/aws\"]",
      "instances": [
        {
          "schema_version": 0,
          "attributes": {
            "all_availability_zones": null,
            "exclude_names": null,
            "exclude_zone_ids": null,
            "filter": null,
            "group_names": [
              "us-east-1"
            ],
            "id": "us-east-1",
            "names": [
              "us-east-1a",
              "us-east-1b",
              "us-east-1c",
              "us-east-1d",
              "us-east-1e",
              "us-east-1f"
            ],
            "state": null,
            "zone_ids": [
              "use1-az2",
              "use1-az4",
              "use1-az6",
              "use1-az1",
              "use1-az3",
              "use1-az5"
            ]
          },
          "sensitive_attributes": []
        }
      ]
    },
    {
      "module": "module.networking.module.vpc",
      "mode": "managed",
      "type": "aws_eip",
      "name": "nat",
      "provider": "provider[\"registry.terraform.io/hashicorp/aws\"]",
      "instances": [
        {
          "index_key": 0,
          "schema_version": 0,
          "attributes": {
            "address": null,
            "allocation_id": "eipalloc-08df843ef2abab3e4",
            "associate_with_private_ip": null,
            "association_id": "",
            "carrier_ip": "",
            "customer_owned_ip": "",
            "customer_owned_ipv4_pool": "",
            "domain": "vpc",
            "id": "eipalloc-08df843ef2abab3e4",
            "instance": "",
            "network_border_group": "us-east-1",
            "network_interface": "",
            "private_dns": null,
            "private_ip": "",
            "public_dns": "ec2-107-23-60-67.compute-1.amazonaws.com",
            "public_ip": "107.23.60.67",
            "public_ipv4_pool": "amazon",
            "tags": {
              "Name": "JasperMainNet-us-east-1a"
            },
            "tags_all": {
              "Name": "JasperMainNet-us-east-1a"
            },
            "timeouts": null,
            "vpc": true
          },
          "sensitive_attributes": [],
          "private": "eyJlMmJmYjczMC1lY2FhLTExZTYtOGY4OC0zNDM2M2JjN2M0YzAiOnsiZGVsZXRlIjoxODAwMDAwMDAwMDAsInJlYWQiOjkwMDAwMDAwMDAwMCwidXBkYXRlIjozMDAwMDAwMDAwMDB9fQ==",
          "dependencies": [
            "module.networking.data.aws_availability_zones.available"
          ]
        }
      ]
    },
    {
      "module": "module.networking.module.vpc",
      "mode": "managed",
      "type": "aws_internet_gateway",
      "name": "this",
      "provider": "provider[\"registry.terraform.io/hashicorp/aws\"]",
      "instances": [
        {
          "index_key": 0,
          "schema_version": 0,
          "attributes": {
            "arn": "arn:aws:ec2:us-east-1:334078841103:internet-gateway/igw-078edf85f3ac9ccf1",
            "id": "igw-078edf85f3ac9ccf1",
            "owner_id": "334078841103",
            "tags": {
              "Name": "JasperMainNet"
            },
            "tags_all": {
              "Name": "JasperMainNet"
            },
            "vpc_id": "vpc-0c11570616f34dad9"
          },
          "sensitive_attributes": [],
          "private": "bnVsbA==",
          "dependencies": [
            "module.networking.module.vpc.aws_vpc.this",
            "module.networking.module.vpc.aws_vpc_ipv4_cidr_block_association.this"
          ]
        }
      ]
    },
    {
      "module": "module.networking.module.vpc",
      "mode": "managed",
      "type": "aws_nat_gateway",
      "name": "this",
      "provider": "provider[\"registry.terraform.io/hashicorp/aws\"]",
      "instances": [
        {
          "index_key": 0,
          "schema_version": 0,
          "attributes": {
            "allocation_id": "eipalloc-08df843ef2abab3e4",
            "connectivity_type": "public",
            "id": "nat-02db861c078c4ff37",
            "network_interface_id": "eni-0a4dced588764fdf5",
            "private_ip": "10.100.32.71",
            "public_ip": "107.23.60.67",
            "subnet_id": "subnet-01320a47ade162d25",
            "tags": {
              "Name": "JasperMainNet-us-east-1a"
            },
            "tags_all": {
              "Name": "JasperMainNet-us-east-1a"
            }
          },
          "sensitive_attributes": [],
          "private": "bnVsbA==",
          "dependencies": [
            "module.networking.data.aws_availability_zones.available",
            "module.networking.module.vpc.aws_eip.nat",
            "module.networking.module.vpc.aws_internet_gateway.this",
            "module.networking.module.vpc.aws_subnet.public",
            "module.networking.module.vpc.aws_vpc.this",
            "module.networking.module.vpc.aws_vpc_ipv4_cidr_block_association.this"
          ]
        }
      ]
    },
    {
      "module": "module.networking.module.vpc",
      "mode": "managed",
      "type": "aws_route",
      "name": "private_nat_gateway",
      "provider": "provider[\"registry.terraform.io/hashicorp/aws\"]",
      "instances": [
        {
          "index_key": 0,
          "schema_version": 0,
          "attributes": {
            "carrier_gateway_id": "",
            "core_network_arn": "",
            "destination_cidr_block": "0.0.0.0/0",
            "destination_ipv6_cidr_block": "",
            "destination_prefix_list_id": "",
            "egress_only_gateway_id": "",
            "gateway_id": "",
            "id": "r-rtb-0366f3a8386b96a871080289494",
            "instance_id": "",
            "instance_owner_id": "",
            "local_gateway_id": "",
            "nat_gateway_id": "nat-02db861c078c4ff37",
            "network_interface_id": "",
            "origin": "CreateRoute",
            "route_table_id": "rtb-0366f3a8386b96a87",
            "state": "active",
            "timeouts": {
              "create": "5m",
              "delete": null,
              "update": null
            },
            "transit_gateway_id": "",
            "vpc_endpoint_id": "",
            "vpc_peering_connection_id": ""
          },
          "sensitive_attributes": [],
          "private": "eyJlMmJmYjczMC1lY2FhLTExZTYtOGY4OC0zNDM2M2JjN2M0YzAiOnsiY3JlYXRlIjozMDAwMDAwMDAwMDAsImRlbGV0ZSI6MzAwMDAwMDAwMDAwLCJ1cGRhdGUiOjEyMDAwMDAwMDAwMH19",
          "dependencies": [
            "module.networking.data.aws_availability_zones.available",
            "module.networking.module.vpc.aws_eip.nat",
            "module.networking.module.vpc.aws_internet_gateway.this",
            "module.networking.module.vpc.aws_nat_gateway.this",
            "module.networking.module.vpc.aws_route_table.private",
            "module.networking.module.vpc.aws_subnet.public",
            "module.networking.module.vpc.aws_vpc.this",
            "module.networking.module.vpc.aws_vpc_ipv4_cidr_block_association.this"
          ]
        }
      ]
    },
    {
      "module": "module.networking.module.vpc",
      "mode": "managed",
      "type": "aws_route",
      "name": "public_internet_gateway",
      "provider": "provider[\"registry.terraform.io/hashicorp/aws\"]",
      "instances": [
        {
          "index_key": 0,
          "schema_version": 0,
          "attributes": {
            "carrier_gateway_id": "",
            "core_network_arn": "",
            "destination_cidr_block": "0.0.0.0/0",
            "destination_ipv6_cidr_block": "",
            "destination_prefix_list_id": "",
            "egress_only_gateway_id": "",
            "gateway_id": "igw-078edf85f3ac9ccf1",
            "id": "r-rtb-0c1b7e5568fdd2f321080289494",
            "instance_id": "",
            "instance_owner_id": "",
            "local_gateway_id": "",
            "nat_gateway_id": "",
            "network_interface_id": "",
            "origin": "CreateRoute",
            "route_table_id": "rtb-0c1b7e5568fdd2f32",
            "state": "active",
            "timeouts": {
              "create": "5m",
              "delete": null,
              "update": null
            },
            "transit_gateway_id": "",
            "vpc_endpoint_id": "",
            "vpc_peering_connection_id": ""
          },
          "sensitive_attributes": [],
          "private": "eyJlMmJmYjczMC1lY2FhLTExZTYtOGY4OC0zNDM2M2JjN2M0YzAiOnsiY3JlYXRlIjozMDAwMDAwMDAwMDAsImRlbGV0ZSI6MzAwMDAwMDAwMDAwLCJ1cGRhdGUiOjEyMDAwMDAwMDAwMH19",
          "dependencies": [
            "module.networking.module.vpc.aws_internet_gateway.this",
            "module.networking.module.vpc.aws_route_table.public",
            "module.networking.module.vpc.aws_vpc.this",
            "module.networking.module.vpc.aws_vpc_ipv4_cidr_block_association.this"
          ]
        }
      ]
    },
    {
      "module": "module.networking.module.vpc",
      "mode": "managed",
      "type": "aws_route_table",
      "name": "private",
      "provider": "provider[\"registry.terraform.io/hashicorp/aws\"]",
      "instances": [
        {
          "index_key": 0,
          "schema_version": 0,
          "attributes": {
            "arn": "arn:aws:ec2:us-east-1:334078841103:route-table/rtb-0366f3a8386b96a87",
            "id": "rtb-0366f3a8386b96a87",
            "owner_id": "334078841103",
            "propagating_vgws": [],
            "route": [],
            "tags": {
              "Name": "JasperMainNet-private"
            },
            "tags_all": {
              "Name": "JasperMainNet-private"
            },
            "timeouts": null,
            "vpc_id": "vpc-0c11570616f34dad9"
          },
          "sensitive_attributes": [],
          "private": "eyJlMmJmYjczMC1lY2FhLTExZTYtOGY4OC0zNDM2M2JjN2M0YzAiOnsiY3JlYXRlIjozMDAwMDAwMDAwMDAsImRlbGV0ZSI6MzAwMDAwMDAwMDAwLCJ1cGRhdGUiOjEyMDAwMDAwMDAwMH19",
          "dependencies": [
            "module.networking.data.aws_availability_zones.available",
            "module.networking.module.vpc.aws_vpc.this",
            "module.networking.module.vpc.aws_vpc_ipv4_cidr_block_association.this"
          ]
        }
      ]
    },
    {
      "module": "module.networking.module.vpc",
      "mode": "managed",
      "type": "aws_route_table",
      "name": "public",
      "provider": "provider[\"registry.terraform.io/hashicorp/aws\"]",
      "instances": [
        {
          "index_key": 0,
          "schema_version": 0,
          "attributes": {
            "arn": "arn:aws:ec2:us-east-1:334078841103:route-table/rtb-0c1b7e5568fdd2f32",
            "id": "rtb-0c1b7e5568fdd2f32",
            "owner_id": "334078841103",
            "propagating_vgws": [],
            "route": [],
            "tags": {
              "Name": "JasperMainNet-public"
            },
            "tags_all": {
              "Name": "JasperMainNet-public"
            },
            "timeouts": null,
            "vpc_id": "vpc-0c11570616f34dad9"
          },
          "sensitive_attributes": [],
          "private": "eyJlMmJmYjczMC1lY2FhLTExZTYtOGY4OC0zNDM2M2JjN2M0YzAiOnsiY3JlYXRlIjozMDAwMDAwMDAwMDAsImRlbGV0ZSI6MzAwMDAwMDAwMDAwLCJ1cGRhdGUiOjEyMDAwMDAwMDAwMH19",
          "dependencies": [
            "module.networking.module.vpc.aws_vpc.this",
            "module.networking.module.vpc.aws_vpc_ipv4_cidr_block_association.this"
          ]
        }
      ]
    },
    {
      "module": "module.networking.module.vpc",
      "mode": "managed",
      "type": "aws_route_table_association",
      "name": "private",
      "provider": "provider[\"registry.terraform.io/hashicorp/aws\"]",
      "instances": [
        {
          "index_key": 0,
          "schema_version": 0,
          "attributes": {
            "gateway_id": "",
            "id": "rtbassoc-05f1b2feb3671f6e1",
            "route_table_id": "rtb-0366f3a8386b96a87",
            "subnet_id": "subnet-02f5a0d3ac1de5982"
          },
          "sensitive_attributes": [],
          "private": "bnVsbA==",
          "dependencies": [
            "module.networking.data.aws_availability_zones.available",
            "module.networking.module.vpc.aws_route_table.private",
            "module.networking.module.vpc.aws_subnet.private",
            "module.networking.module.vpc.aws_vpc.this",
            "module.networking.module.vpc.aws_vpc_ipv4_cidr_block_association.this"
          ]
        },
        {
          "index_key": 1,
          "schema_version": 0,
          "attributes": {
            "gateway_id": "",
            "id": "rtbassoc-09907efc6257744db",
            "route_table_id": "rtb-0366f3a8386b96a87",
            "subnet_id": "subnet-08aa4fa6098f9fb3e"
          },
          "sensitive_attributes": [],
          "private": "bnVsbA==",
          "dependencies": [
            "module.networking.data.aws_availability_zones.available",
            "module.networking.module.vpc.aws_route_table.private",
            "module.networking.module.vpc.aws_subnet.private",
            "module.networking.module.vpc.aws_vpc.this",
            "module.networking.module.vpc.aws_vpc_ipv4_cidr_block_association.this"
          ]
        }
      ]
    },
    {
      "module": "module.networking.module.vpc",
      "mode": "managed",
      "type": "aws_route_table_association",
      "name": "public",
      "provider": "provider[\"registry.terraform.io/hashicorp/aws\"]",
      "instances": [
        {
          "index_key": 0,
          "schema_version": 0,
          "attributes": {
            "gateway_id": "",
            "id": "rtbassoc-04c8090c9efd5c19e",
            "route_table_id": "rtb-0c1b7e5568fdd2f32",
            "subnet_id": "subnet-01320a47ade162d25"
          },
          "sensitive_attributes": [],
          "private": "bnVsbA==",
          "dependencies": [
            "module.networking.data.aws_availability_zones.available",
            "module.networking.module.vpc.aws_route_table.public",
            "module.networking.module.vpc.aws_subnet.public",
            "module.networking.module.vpc.aws_vpc.this",
            "module.networking.module.vpc.aws_vpc_ipv4_cidr_block_association.this"
          ]
        },
        {
          "index_key": 1,
          "schema_version": 0,
          "attributes": {
            "gateway_id": "",
            "id": "rtbassoc-0622e285dc73929cd",
            "route_table_id": "rtb-0c1b7e5568fdd2f32",
            "subnet_id": "subnet-04ff611259634eddd"
          },
          "sensitive_attributes": [],
          "private": "bnVsbA==",
          "dependencies": [
            "module.networking.data.aws_availability_zones.available",
            "module.networking.module.vpc.aws_route_table.public",
            "module.networking.module.vpc.aws_subnet.public",
            "module.networking.module.vpc.aws_vpc.this",
            "module.networking.module.vpc.aws_vpc_ipv4_cidr_block_association.this"
          ]
        }
      ]
    },
    {
      "module": "module.networking.module.vpc",
      "mode": "managed",
      "type": "aws_subnet",
      "name": "private",
      "provider": "provider[\"registry.terraform.io/hashicorp/aws\"]",
      "instances": [
        {
          "index_key": 0,
          "schema_version": 1,
          "attributes": {
            "arn": "arn:aws:ec2:us-east-1:334078841103:subnet/subnet-02f5a0d3ac1de5982",
            "assign_ipv6_address_on_creation": false,
            "availability_zone": "us-east-1a",
            "availability_zone_id": "use1-az2",
            "cidr_block": "10.100.0.0/24",
            "customer_owned_ipv4_pool": "",
            "enable_dns64": false,
            "enable_resource_name_dns_a_record_on_launch": false,
            "enable_resource_name_dns_aaaa_record_on_launch": false,
            "id": "subnet-02f5a0d3ac1de5982",
            "ipv6_cidr_block": "",
            "ipv6_cidr_block_association_id": "",
            "ipv6_native": false,
            "map_customer_owned_ip_on_launch": false,
            "map_public_ip_on_launch": false,
            "outpost_arn": "",
            "owner_id": "334078841103",
            "private_dns_hostname_type_on_launch": "ip-name",
            "tags": {
              "Name": "JasperMainNet-private-us-east-1a"
            },
            "tags_all": {
              "Name": "JasperMainNet-private-us-east-1a"
            },
            "timeouts": null,
            "vpc_id": "vpc-0c11570616f34dad9"
          },
          "sensitive_attributes": [],
          "private": "eyJlMmJmYjczMC1lY2FhLTExZTYtOGY4OC0zNDM2M2JjN2M0YzAiOnsiY3JlYXRlIjo2MDAwMDAwMDAwMDAsImRlbGV0ZSI6MTIwMDAwMDAwMDAwMH0sInNjaGVtYV92ZXJzaW9uIjoiMSJ9",
          "dependencies": [
            "module.networking.data.aws_availability_zones.available",
            "module.networking.module.vpc.aws_vpc.this",
            "module.networking.module.vpc.aws_vpc_ipv4_cidr_block_association.this"
          ]
        },
        {
          "index_key": 1,
          "schema_version": 1,
          "attributes": {
            "arn": "arn:aws:ec2:us-east-1:334078841103:subnet/subnet-08aa4fa6098f9fb3e",
            "assign_ipv6_address_on_creation": false,
            "availability_zone": "us-east-1b",
            "availability_zone_id": "use1-az4",
            "cidr_block": "10.100.1.0/24",
            "customer_owned_ipv4_pool": "",
            "enable_dns64": false,
            "enable_resource_name_dns_a_record_on_launch": false,
            "enable_resource_name_dns_aaaa_record_on_launch": false,
            "id": "subnet-08aa4fa6098f9fb3e",
            "ipv6_cidr_block": "",
            "ipv6_cidr_block_association_id": "",
            "ipv6_native": false,
            "map_customer_owned_ip_on_launch": false,
            "map_public_ip_on_launch": false,
            "outpost_arn": "",
            "owner_id": "334078841103",
            "private_dns_hostname_type_on_launch": "ip-name",
            "tags": {
              "Name": "JasperMainNet-private-us-east-1b"
            },
            "tags_all": {
              "Name": "JasperMainNet-private-us-east-1b"
            },
            "timeouts": null,
            "vpc_id": "vpc-0c11570616f34dad9"
          },
          "sensitive_attributes": [],
          "private": "eyJlMmJmYjczMC1lY2FhLTExZTYtOGY4OC0zNDM2M2JjN2M0YzAiOnsiY3JlYXRlIjo2MDAwMDAwMDAwMDAsImRlbGV0ZSI6MTIwMDAwMDAwMDAwMH0sInNjaGVtYV92ZXJzaW9uIjoiMSJ9",
          "dependencies": [
            "module.networking.data.aws_availability_zones.available",
            "module.networking.module.vpc.aws_vpc.this",
            "module.networking.module.vpc.aws_vpc_ipv4_cidr_block_association.this"
          ]
        }
      ]
    },
    {
      "module": "module.networking.module.vpc",
      "mode": "managed",
      "type": "aws_subnet",
      "name": "public",
      "provider": "provider[\"registry.terraform.io/hashicorp/aws\"]",
      "instances": [
        {
          "index_key": 0,
          "schema_version": 1,
          "attributes": {
            "arn": "arn:aws:ec2:us-east-1:334078841103:subnet/subnet-01320a47ade162d25",
            "assign_ipv6_address_on_creation": false,
            "availability_zone": "us-east-1a",
            "availability_zone_id": "use1-az2",
            "cidr_block": "10.100.32.0/24",
            "customer_owned_ipv4_pool": "",
            "enable_dns64": false,
            "enable_resource_name_dns_a_record_on_launch": false,
            "enable_resource_name_dns_aaaa_record_on_launch": false,
            "id": "subnet-01320a47ade162d25",
            "ipv6_cidr_block": "",
            "ipv6_cidr_block_association_id": "",
            "ipv6_native": false,
            "map_customer_owned_ip_on_launch": false,
            "map_public_ip_on_launch": true,
            "outpost_arn": "",
            "owner_id": "334078841103",
            "private_dns_hostname_type_on_launch": "ip-name",
            "tags": {
              "Name": "JasperMainNet-public-us-east-1a"
            },
            "tags_all": {
              "Name": "JasperMainNet-public-us-east-1a"
            },
            "timeouts": null,
            "vpc_id": "vpc-0c11570616f34dad9"
          },
          "sensitive_attributes": [],
          "private": "eyJlMmJmYjczMC1lY2FhLTExZTYtOGY4OC0zNDM2M2JjN2M0YzAiOnsiY3JlYXRlIjo2MDAwMDAwMDAwMDAsImRlbGV0ZSI6MTIwMDAwMDAwMDAwMH0sInNjaGVtYV92ZXJzaW9uIjoiMSJ9",
          "dependencies": [
            "module.networking.data.aws_availability_zones.available",
            "module.networking.module.vpc.aws_vpc.this",
            "module.networking.module.vpc.aws_vpc_ipv4_cidr_block_association.this"
          ]
        },
        {
          "index_key": 1,
          "schema_version": 1,
          "attributes": {
            "arn": "arn:aws:ec2:us-east-1:334078841103:subnet/subnet-04ff611259634eddd",
            "assign_ipv6_address_on_creation": false,
            "availability_zone": "us-east-1b",
            "availability_zone_id": "use1-az4",
            "cidr_block": "10.100.42.0/24",
            "customer_owned_ipv4_pool": "",
            "enable_dns64": false,
            "enable_resource_name_dns_a_record_on_launch": false,
            "enable_resource_name_dns_aaaa_record_on_launch": false,
            "id": "subnet-04ff611259634eddd",
            "ipv6_cidr_block": "",
            "ipv6_cidr_block_association_id": "",
            "ipv6_native": false,
            "map_customer_owned_ip_on_launch": false,
            "map_public_ip_on_launch": true,
            "outpost_arn": "",
            "owner_id": "334078841103",
            "private_dns_hostname_type_on_launch": "ip-name",
            "tags": {
              "Name": "JasperMainNet-public-us-east-1b"
            },
            "tags_all": {
              "Name": "JasperMainNet-public-us-east-1b"
            },
            "timeouts": null,
            "vpc_id": "vpc-0c11570616f34dad9"
          },
          "sensitive_attributes": [],
          "private": "eyJlMmJmYjczMC1lY2FhLTExZTYtOGY4OC0zNDM2M2JjN2M0YzAiOnsiY3JlYXRlIjo2MDAwMDAwMDAwMDAsImRlbGV0ZSI6MTIwMDAwMDAwMDAwMH0sInNjaGVtYV92ZXJzaW9uIjoiMSJ9",
          "dependencies": [
            "module.networking.data.aws_availability_zones.available",
            "module.networking.module.vpc.aws_vpc.this",
            "module.networking.module.vpc.aws_vpc_ipv4_cidr_block_association.this"
          ]
        }
      ]
    },
    {
      "module": "module.networking.module.vpc",
      "mode": "managed",
      "type": "aws_vpc",
      "name": "this",
      "provider": "provider[\"registry.terraform.io/hashicorp/aws\"]",
      "instances": [
        {
          "index_key": 0,
          "schema_version": 1,
          "attributes": {
            "arn": "arn:aws:ec2:us-east-1:334078841103:vpc/vpc-0c11570616f34dad9",
            "assign_generated_ipv6_cidr_block": false,
            "cidr_block": "10.100.0.0/16",
            "default_network_acl_id": "acl-0655f1866ee6e29f4",
            "default_route_table_id": "rtb-0327bf296364f56e8",
            "default_security_group_id": "sg-007bde547d0098bd3",
            "dhcp_options_id": "dopt-03d88fb6e276fb9dd",
            "enable_classiclink": false,
            "enable_classiclink_dns_support": false,
            "enable_dns_hostnames": false,
            "enable_dns_support": true,
            "id": "vpc-0c11570616f34dad9",
            "instance_tenancy": "default",
            "ipv4_ipam_pool_id": null,
            "ipv4_netmask_length": null,
            "ipv6_association_id": "",
            "ipv6_cidr_block": "",
            "ipv6_cidr_block_network_border_group": "",
            "ipv6_ipam_pool_id": "",
            "ipv6_netmask_length": 0,
            "main_route_table_id": "rtb-0327bf296364f56e8",
            "owner_id": "334078841103",
            "tags": {
              "Name": "JasperMainNet"
            },
            "tags_all": {
              "Name": "JasperMainNet"
            }
          },
          "sensitive_attributes": [],
          "private": "eyJzY2hlbWFfdmVyc2lvbiI6IjEifQ=="
        }
      ]
    }
  ]
}
