{
  "version": 4,
  "terraform_version": "1.2.3",
  "serial": 21,
  "lineage": "c73b5e0d-29ab-28a7-c775-c1013e711a17",
  "outputs": {
    "public_sn0_id": {
      "value": "subnet-04be185ac8d3d632f",
      "type": "string"
    },
    "vpc_id_test": {
      "value": "vpc-0871b933a565438eb",
      "type": "string"
    },
    "vpc_name": {
      "value": "JasperMainNet",
      "type": "string"
    }
  },
  "resources": [
    {
      "module": "module.ec2.module.ec2_instance",
      "mode": "managed",
      "type": "aws_instance",
      "name": "this",
      "provider": "provider[\"registry.terraform.io/hashicorp/aws\"]",
      "instances": [
        {
          "index_key": 0,
          "schema_version": 1,
          "attributes": {
            "ami": "ami-0b0ea68c435eb488d",
            "arn": "arn:aws:ec2:us-east-1:324262702463:instance/i-0b94308eb2e3bd037",
            "associate_public_ip_address": true,
            "availability_zone": "us-east-1a",
            "capacity_reservation_specification": [
              {
                "capacity_reservation_preference": "open",
                "capacity_reservation_target": []
              }
            ],
            "cpu_core_count": 1,
            "cpu_threads_per_core": 1,
            "credit_specification": [
              {
                "cpu_credits": "standard"
              }
            ],
            "disable_api_stop": false,
            "disable_api_termination": false,
            "ebs_block_device": [],
            "ebs_optimized": false,
            "enclave_options": [
              {
                "enabled": false
              }
            ],
            "ephemeral_block_device": [],
            "get_password_data": false,
            "hibernation": false,
            "host_id": null,
            "iam_instance_profile": "",
            "id": "i-0b94308eb2e3bd037",
            "instance_initiated_shutdown_behavior": "stop",
            "instance_state": "running",
            "instance_type": "t2.micro",
            "ipv6_address_count": 0,
            "ipv6_addresses": [],
            "key_name": "tf_key",
            "launch_template": [],
            "maintenance_options": [
              {
                "auto_recovery": "default"
              }
            ],
            "metadata_options": [
              {
                "http_endpoint": "enabled",
                "http_put_response_hop_limit": 1,
                "http_tokens": "optional",
                "instance_metadata_tags": "disabled"
              }
            ],
            "monitoring": true,
            "network_interface": [],
            "outpost_arn": "",
            "password_data": "",
            "placement_group": "",
            "placement_partition_number": null,
            "primary_network_interface_id": "eni-0aa264f1b2558b596",
            "private_dns": "ip-10-100-32-8.ec2.internal",
            "private_dns_name_options": [
              {
                "enable_resource_name_dns_a_record": false,
                "enable_resource_name_dns_aaaa_record": false,
                "hostname_type": "ip-name"
              }
            ],
            "private_ip": "10.100.32.8",
            "public_dns": "",
            "public_ip": "34.205.30.61",
            "root_block_device": [
              {
                "delete_on_termination": true,
                "device_name": "/dev/sda1",
                "encrypted": false,
                "iops": 100,
                "kms_key_id": "",
                "tags": {},
                "throughput": 0,
                "volume_id": "vol-0cb2c85e249100bdd",
                "volume_size": 8,
                "volume_type": "gp2"
              }
            ],
            "secondary_private_ips": [],
            "security_groups": [],
            "source_dest_check": true,
            "subnet_id": "subnet-04be185ac8d3d632f",
            "tags": {
              "Environment": "dev",
              "Name": "single-instance",
              "Terraform": "true"
            },
            "tags_all": {
              "Environment": "dev",
              "Name": "single-instance",
              "Terraform": "true"
            },
            "tenancy": "default",
            "timeouts": {
              "create": null,
              "delete": null,
              "update": null
            },
            "user_data": "df60fe08cfaa52d362fc425f4b7794c03c154add",
            "user_data_base64": null,
            "user_data_replace_on_change": false,
            "volume_tags": {
              "Name": "single-instance"
            },
            "vpc_security_group_ids": [
              "sg-055d559874816fdd4"
            ]
          },
          "sensitive_attributes": [],
          "private": "eyJlMmJmYjczMC1lY2FhLTExZTYtOGY4OC0zNDM2M2JjN2M0YzAiOnsiY3JlYXRlIjo2MDAwMDAwMDAwMDAsImRlbGV0ZSI6MTIwMDAwMDAwMDAwMCwidXBkYXRlIjo2MDAwMDAwMDAwMDB9LCJzY2hlbWFfdmVyc2lvbiI6IjEifQ==",
          "dependencies": [
            "module.networking.data.aws_availability_zones.available",
            "module.networking.module.vpc.aws_cloudwatch_log_group.flow_log",
            "module.networking.module.vpc.aws_customer_gateway.this",
            "module.networking.module.vpc.aws_db_subnet_group.database",
            "module.networking.module.vpc.aws_default_network_acl.this",
            "module.networking.module.vpc.aws_default_route_table.default",
            "module.networking.module.vpc.aws_default_security_group.this",
            "module.networking.module.vpc.aws_default_vpc.this",
            "module.networking.module.vpc.aws_egress_only_internet_gateway.this",
            "module.networking.module.vpc.aws_eip.nat",
            "module.networking.module.vpc.aws_elasticache_subnet_group.elasticache",
            "module.networking.module.vpc.aws_flow_log.this",
            "module.networking.module.vpc.aws_iam_policy.vpc_flow_log_cloudwatch",
            "module.networking.module.vpc.aws_iam_role.vpc_flow_log_cloudwatch",
            "module.networking.module.vpc.aws_iam_role_policy_attachment.vpc_flow_log_cloudwatch",
            "module.networking.module.vpc.aws_internet_gateway.this",
            "module.networking.module.vpc.aws_nat_gateway.this",
            "module.networking.module.vpc.aws_network_acl.database",
            "module.networking.module.vpc.aws_network_acl.elasticache",
            "module.networking.module.vpc.aws_network_acl.intra",
            "module.networking.module.vpc.aws_network_acl.outpost",
            "module.networking.module.vpc.aws_network_acl.private",
            "module.networking.module.vpc.aws_network_acl.public",
            "module.networking.module.vpc.aws_network_acl.redshift",
            "module.networking.module.vpc.aws_network_acl_rule.database_inbound",
            "module.networking.module.vpc.aws_network_acl_rule.database_outbound",
            "module.networking.module.vpc.aws_network_acl_rule.elasticache_inbound",
            "module.networking.module.vpc.aws_network_acl_rule.elasticache_outbound",
            "module.networking.module.vpc.aws_network_acl_rule.intra_inbound",
            "module.networking.module.vpc.aws_network_acl_rule.intra_outbound",
            "module.networking.module.vpc.aws_network_acl_rule.outpost_inbound",
            "module.networking.module.vpc.aws_network_acl_rule.outpost_outbound",
            "module.networking.module.vpc.aws_network_acl_rule.private_inbound",
            "module.networking.module.vpc.aws_network_acl_rule.private_outbound",
            "module.networking.module.vpc.aws_network_acl_rule.public_inbound",
            "module.networking.module.vpc.aws_network_acl_rule.public_outbound",
            "module.networking.module.vpc.aws_network_acl_rule.redshift_inbound",
            "module.networking.module.vpc.aws_network_acl_rule.redshift_outbound",
            "module.networking.module.vpc.aws_redshift_subnet_group.redshift",
            "module.networking.module.vpc.aws_route.database_internet_gateway",
            "module.networking.module.vpc.aws_route.database_ipv6_egress",
            "module.networking.module.vpc.aws_route.database_nat_gateway",
            "module.networking.module.vpc.aws_route.private_ipv6_egress",
            "module.networking.module.vpc.aws_route.private_nat_gateway",
            "module.networking.module.vpc.aws_route.public_internet_gateway",
            "module.networking.module.vpc.aws_route.public_internet_gateway_ipv6",
            "module.networking.module.vpc.aws_route_table.database",
            "module.networking.module.vpc.aws_route_table.elasticache",
            "module.networking.module.vpc.aws_route_table.intra",
            "module.networking.module.vpc.aws_route_table.private",
            "module.networking.module.vpc.aws_route_table.public",
            "module.networking.module.vpc.aws_route_table.redshift",
            "module.networking.module.vpc.aws_route_table_association.database",
            "module.networking.module.vpc.aws_route_table_association.elasticache",
            "module.networking.module.vpc.aws_route_table_association.intra",
            "module.networking.module.vpc.aws_route_table_association.outpost",
            "module.networking.module.vpc.aws_route_table_association.private",
            "module.networking.module.vpc.aws_route_table_association.public",
            "module.networking.module.vpc.aws_route_table_association.redshift",
            "module.networking.module.vpc.aws_route_table_association.redshift_public",
            "module.networking.module.vpc.aws_subnet.database",
            "module.networking.module.vpc.aws_subnet.elasticache",
            "module.networking.module.vpc.aws_subnet.intra",
            "module.networking.module.vpc.aws_subnet.outpost",
            "module.networking.module.vpc.aws_subnet.private",
            "module.networking.module.vpc.aws_subnet.public",
            "module.networking.module.vpc.aws_subnet.redshift",
            "module.networking.module.vpc.aws_vpc.this",
            "module.networking.module.vpc.aws_vpc_dhcp_options.this",
            "module.networking.module.vpc.aws_vpc_dhcp_options_association.this",
            "module.networking.module.vpc.aws_vpc_ipv4_cidr_block_association.this",
            "module.networking.module.vpc.aws_vpn_gateway.this",
            "module.networking.module.vpc.aws_vpn_gateway_attachment.this",
            "module.networking.module.vpc.aws_vpn_gateway_route_propagation.intra",
            "module.networking.module.vpc.aws_vpn_gateway_route_propagation.private",
            "module.networking.module.vpc.aws_vpn_gateway_route_propagation.public",
            "module.networking.module.vpc.data.aws_iam_policy_document.flow_log_cloudwatch_assume_role",
            "module.networking.module.vpc.data.aws_iam_policy_document.vpc_flow_log_cloudwatch"
          ]
        }
      ]
    },
    {
      "module": "module.key_gen",
      "mode": "managed",
      "type": "local_file",
      "name": "created_keypair_to_local",
      "provider": "provider[\"registry.terraform.io/hashicorp/local\"]",
      "instances": [
        {
          "schema_version": 0,
          "attributes": {
            "content": "-----BEGIN RSA PRIVATE KEY-----\nMIIJKAIBAAKCAgEAtHSNeqYfIsxe9W8+abXiRsCCpk3FfzZimJHylnws2N3zFvfx\nu3ynFrWvnu3ykJ87mg9bLGn8XhNEK2zHvOgYY9nA5lLOa4TiQMcmwk00nRYmRhtZ\n2zTL09arNWiORvef3WVYCV6flMl80NDJ7dHCsKXXvi73yuSNQhdfOtvV2b4Rm4Pi\niIZ0iKvl+CnmTyKu9O9hS8u4dIWlXzQxlQnbtCU/rgL/JKaSGkGxCMPUvK4JLNFJ\nnhNU6U9V+OAWFh8+KQybdUoqrjl6Q2Yuj2JeTuai1adgSbVobqQwsK/1SbAsHXrp\nlkEy1SbqhY3NnZj3WdqkKtij9eumuAA87xX4SbnMrlXI+RRFEFNq8oIjT/pCFOOS\n2elc9e50C5vBEbyjflTHJjY7exUAcsYG4kg86yMDkZWVMCSvj49E0PIibZtiO1xI\nPyaflT64DTXeRst0qqKfhJOZC8Hnn8qogaSgHCDNh4ZXDqao+81OfgExI4qEunKm\nRet+Q2L/EuM5pLRCBRsHc1Mz0auDqOQlyYv5M8e6+iOYbniETGhJ/9WLHCn7+KJl\natlWxq/79cJbEifqgQOEaDAYNEpeT1YdVKxh29Wvh46PVJ9CC9HSeFyHylMUEfsq\nXEOoMq2uurL52xH9uLByCuxjCFduYmwba5nWBZGhVfBZoaROmTAGAMxX4iUCAwEA\nAQKCAgBnGJej1LjBJsWxrwaXWmSWS3HZFWGaFjYqOGfB9duhYtx46NrgZI0Jem+F\neygz2+UvVUqfi0W1cYhmztUmZetZUJTWgcSQxPCGVcEdDQLcJEVllEa35+fzdReH\ngd6XSO26jSXI5JiDZsG6gy56gnaaeYVSkH7dGcpiUfwEIoiAyAhDMwv/N+HoG11d\ndIKx/3y5TvHlXdRaLeiXBbi2D1XIC+ffwLKH++pIufMssMUfrsZrJn7KovzF9p+F\nenDj3qGiziMa1W6g7xGc5AoBvQ9oQHgTXHa0ZcHuRDvVFhIrMU1i4lAFmeYyxPMD\nrkokmbnnSfS0zeSOoT00rl4hsgmRD9AIGDEnd9lVm5E4zV+KThUMjB8so4pGbRUO\nYqYNitbza+Z/cjNEGmhFMXHz4Zj8PEQzpuAs9+8R5+LEIdVM9otLIwMSRd54yiHE\nL3jne9WSthNd4oW4fTKKFE6xihTWg8akFYLo30sl/vxaVrqk2JSoYVbeoS9/xiAN\nH9Cduy7kuquej9oLwjuWXeO4ESdNt4ZCBjdyCDsTZ8LH5DwSrSvIFTr4fcvDYSYf\nq3yzfE/Ew4HID9eygYqt1OpBUcEZFaOMvo2AX5wU+pEKzpGZPEQQSnqjyep3lLb3\ntfwYKpGg8uQhcbVIuVnAfHVXQzNd13uxkW/BKKKlD0y7I6qXQQKCAQEA1yms6h/M\n0V9Xzucvtloe5RQRW2f4py2CEOC/KwHDskL22O6TBHXP9gc/BIoAB89mjFPh2KYk\neqv9dtPg+sdKYYj4f2IgBFyuwmgeRRyQMvrqWlY92YbPcfYTpPBAs9OLdFekP4Kn\nspI0GJ2WZ2a/26DHUQ78P4mFsODzbb+mMblWexjd2dtZ04VUFbGy8+4qxG59YDx8\nTulh7F0Dy7lW+C6zZS69EKwAq0luJU/nVZYvT1m1eM0xYDFhzOQz0rRDeaWRZ5rk\nZQFbu2U6ks/qEoSNe3AuBRt5hA9BoKX/RjWmUOQY5xNNq46XbllwVQKAhG9yqjM2\nqa0KG0jXtOyDjQKCAQEA1rSCcBGz9cSM2U3zBZlqUCKF3nuU3jR4q29BnLwvjdOV\npQw6XDZ+mV8GbUXEPT/YppmyzrK2/bAWzL+Qxii6XwAgUa11nlanzDHcaq9ChYP5\n07XymiheH3zht2qD6baPDk6kmwDF8t8vPALmyVt+AwhtOw7YEE/qd/YW0UnudRnu\n3tULkgmcLMedlewtiKLiZ3bsH/dlUUtqPTMYke96jPrrxhMEh4+mIwthhN1WYa8f\nwX7lFOkBBOoo31SuSRFNwptcFMCek5JAilhdXXDhINcyBkAe0NLq+HydH+vc9C1n\nKkj0kLfC/quAuUNwlBtKO1X0Mf+eivdzTvre1hkm+QKCAQEAsua4G8NtLfm0rRiV\nF24/mgHhnLsKiRbRuu7khQHmkeYUEbPtEhxTWiIUR9XmyJeukKd+dgFO+6DeE1uB\nCYODWS3mUSRpsrbNqF+iK5zgWUNAcPScYK4y9nLBSrdpVRxkK8xjiVs9zMC8CGuf\nj0Jj7F323HM1Ui8qtjOUtIBR065jNd8rN+Wm/rUxgQhL3378mG+2V7pzMbnj7gA5\nE797jMhn6Y2/LomV1NYte2DA3O0PUU8qENOsZmspApAMdvnj0NXV3OtxVHqYp2w4\nE7JE0jjc2vIfkaeSljeJPeZIJzycmU3PVvM59ZeOWfaL7GM0MOnp0ZLbtKFocd9T\nW9/8UQKCAQBjbDtqwgffqyC+EAaVdTFx4kqzd+675vhqCp8LgWlT98K4Jy1vPhzp\n0MMdHs18v3AH1eyjIsbyOvST47Ga0YlcLKbKq9RneiFBwWUcUgQv56lsjDjHgiHz\n2tR7Juvm8g7UxT4cOQNxMECjPYS5gZCcvu42Bu2uwBMHcgGm8OFngJbIwUcWXTTg\n1571qeR7/VFyL/Ov6dQVDSMpK9wY2Bib6CX+Fxhl3fNFDyQdbpFtsra115klUbCT\nIgvDP2dllom3sFG3mmrUU0lnxvuVJYxatMwJcO/UK5d7cdkgywwKVmwLfLUjvrSh\nUbHOGJitPOXnDCqEbKZyG5xd2nYOFp+hAoIBAEE1UXUO1Vgykg1l22Q9O5iNSsxv\nWF0QK6nfrBQIGYi7mm8Tjpy4SYx/mjXEfffA4/X/ErvrXY97GPIBSOhiD/3MOPSc\nUkMciKynYclGI3PN0wDTWSBeqw+iYlHK2oFwLnNp50v+qdcoqzrxXyl5khBZK6Ju\nlzUMwvJkl4w4pa5v1paExRr0CuVKtobQbm8UFiFjraHvObE8ROvl2Riz9XOciK54\n2lky890+v/v7QsshjTooCISyJugz50lp6q8RaLk0oXqrbZOScE1MTXVV67KdMTHn\nUyruHtX7bMYoNkA7i0k8d8qitlBb+Gk4UM5G1xx97RVXgLb8gk6ATslL0gQ=\n-----END RSA PRIVATE KEY-----\n",
            "content_base64": null,
            "directory_permission": "0777",
            "file_permission": "0777",
            "filename": "tfkey.pem",
            "id": "f190bd96a0e4043b6cb0a60f9c6034ae2ddd0860",
            "sensitive_content": null,
            "source": null
          },
          "sensitive_attributes": [
            [
              {
                "type": "get_attr",
                "value": "content"
              }
            ]
          ],
          "private": "bnVsbA==",
          "dependencies": [
            "module.key_gen.tls_private_key.rsa"
          ]
        }
      ]
    },
    {
      "module": "module.key_gen",
      "mode": "managed",
      "type": "tls_private_key",
      "name": "rsa",
      "provider": "provider[\"registry.terraform.io/hashicorp/tls\"]",
      "instances": [
        {
          "schema_version": 0,
          "attributes": {
            "algorithm": "RSA",
            "ecdsa_curve": "P224",
            "id": "c3af5313b8edb8aff85acf7230d02a8a26cd317f",
            "private_key_openssh": "-----BEGIN OPENSSH PRIVATE KEY-----\nb3BlbnNzaC1rZXktdjEAAAAABG5vbmUAAAAEbm9uZQAAAAAAAAABAAACFwAAAAdz\nc2gtcnNhAAAAAwEAAQAAAgEAtHSNeqYfIsxe9W8+abXiRsCCpk3FfzZimJHylnws\n2N3zFvfxu3ynFrWvnu3ykJ87mg9bLGn8XhNEK2zHvOgYY9nA5lLOa4TiQMcmwk00\nnRYmRhtZ2zTL09arNWiORvef3WVYCV6flMl80NDJ7dHCsKXXvi73yuSNQhdfOtvV\n2b4Rm4PiiIZ0iKvl+CnmTyKu9O9hS8u4dIWlXzQxlQnbtCU/rgL/JKaSGkGxCMPU\nvK4JLNFJnhNU6U9V+OAWFh8+KQybdUoqrjl6Q2Yuj2JeTuai1adgSbVobqQwsK/1\nSbAsHXrplkEy1SbqhY3NnZj3WdqkKtij9eumuAA87xX4SbnMrlXI+RRFEFNq8oIj\nT/pCFOOS2elc9e50C5vBEbyjflTHJjY7exUAcsYG4kg86yMDkZWVMCSvj49E0PIi\nbZtiO1xIPyaflT64DTXeRst0qqKfhJOZC8Hnn8qogaSgHCDNh4ZXDqao+81OfgEx\nI4qEunKmRet+Q2L/EuM5pLRCBRsHc1Mz0auDqOQlyYv5M8e6+iOYbniETGhJ/9WL\nHCn7+KJlatlWxq/79cJbEifqgQOEaDAYNEpeT1YdVKxh29Wvh46PVJ9CC9HSeFyH\nylMUEfsqXEOoMq2uurL52xH9uLByCuxjCFduYmwba5nWBZGhVfBZoaROmTAGAMxX\n4iUAAAc4gzn2MYM59jEAAAAHc3NoLXJzYQAAAgEAtHSNeqYfIsxe9W8+abXiRsCC\npk3FfzZimJHylnws2N3zFvfxu3ynFrWvnu3ykJ87mg9bLGn8XhNEK2zHvOgYY9nA\n5lLOa4TiQMcmwk00nRYmRhtZ2zTL09arNWiORvef3WVYCV6flMl80NDJ7dHCsKXX\nvi73yuSNQhdfOtvV2b4Rm4PiiIZ0iKvl+CnmTyKu9O9hS8u4dIWlXzQxlQnbtCU/\nrgL/JKaSGkGxCMPUvK4JLNFJnhNU6U9V+OAWFh8+KQybdUoqrjl6Q2Yuj2JeTuai\n1adgSbVobqQwsK/1SbAsHXrplkEy1SbqhY3NnZj3WdqkKtij9eumuAA87xX4SbnM\nrlXI+RRFEFNq8oIjT/pCFOOS2elc9e50C5vBEbyjflTHJjY7exUAcsYG4kg86yMD\nkZWVMCSvj49E0PIibZtiO1xIPyaflT64DTXeRst0qqKfhJOZC8Hnn8qogaSgHCDN\nh4ZXDqao+81OfgExI4qEunKmRet+Q2L/EuM5pLRCBRsHc1Mz0auDqOQlyYv5M8e6\n+iOYbniETGhJ/9WLHCn7+KJlatlWxq/79cJbEifqgQOEaDAYNEpeT1YdVKxh29Wv\nh46PVJ9CC9HSeFyHylMUEfsqXEOoMq2uurL52xH9uLByCuxjCFduYmwba5nWBZGh\nVfBZoaROmTAGAMxX4iUAAAADAQABAAACAGcYl6PUuMEmxbGvBpdaZJZLcdkVYZoW\nNio4Z8H126Fi3Hjo2uBkjQl6b4V7KDPb5S9VSp+LRbVxiGbO1SZl61lQlNaBxJDE\n8IZVwR0NAtwkRWWURrfn5/N1F4eB3pdI7bqNJcjkmINmwbqDLnqCdpp5hVKQft0Z\nymJR/AQiiIDICEMzC/834egbXV10grH/fLlO8eVd1Fot6JcFuLYPVcgL59/Asof7\n6ki58yywxR+uxmsmfsqi/MX2n4V6cOPeoaLOIxrVbqDvEZzkCgG9D2hAeBNcdrRl\nwe5EO9UWEisxTWLiUAWZ5jLE8wOuSiSZuedJ9LTN5I6hPTSuXiGyCZEP0AgYMSd3\n2VWbkTjNX4pOFQyMHyyjikZtFQ5ipg2K1vNr5n9yM0QaaEUxcfPhmPw8RDOm4Cz3\n7xHn4sQh1Uz2i0sjAxJF3njKIcQveOd71ZK2E13ihbh9MooUTrGKFNaDxqQVgujf\nSyX+/FpWuqTYlKhhVt6hL3/GIA0f0J27LuS6q56P2gvCO5Zd47gRJ023hkIGN3II\nOxNnwsfkPBKtK8gVOvh9y8NhJh+rfLN8T8TDgcgP17KBiq3U6kFRwRkVo4y+jYBf\nnBT6kQrOkZk8RBBKeqPJ6neUtve1/BgqkaDy5CFxtUi5WcB8dVdDM13Xe7GRb8Eo\noqUPTLsjqpdBAAABAEE1UXUO1Vgykg1l22Q9O5iNSsxvWF0QK6nfrBQIGYi7mm8T\njpy4SYx/mjXEfffA4/X/ErvrXY97GPIBSOhiD/3MOPScUkMciKynYclGI3PN0wDT\nWSBeqw+iYlHK2oFwLnNp50v+qdcoqzrxXyl5khBZK6JulzUMwvJkl4w4pa5v1paE\nxRr0CuVKtobQbm8UFiFjraHvObE8ROvl2Riz9XOciK542lky890+v/v7QsshjToo\nCISyJugz50lp6q8RaLk0oXqrbZOScE1MTXVV67KdMTHnUyruHtX7bMYoNkA7i0k8\nd8qitlBb+Gk4UM5G1xx97RVXgLb8gk6ATslL0gQAAAEBANcprOofzNFfV87nL7Za\nHuUUEVtn+KctghDgvysBw7JC9tjukwR1z/YHPwSKAAfPZoxT4dimJHqr/XbT4PrH\nSmGI+H9iIARcrsJoHkUckDL66lpWPdmGz3H2E6TwQLPTi3RXpD+Cp7KSNBidlmdm\nv9ugx1EO/D+JhbDg822/pjG5VnsY3dnbWdOFVBWxsvPuKsRufWA8fE7pYexdA8u5\nVvgus2UuvRCsAKtJbiVP51WWL09ZtXjNMWAxYczkM9K0Q3mlkWea5GUBW7tlOpLP\n6hKEjXtwLgUbeYQPQaCl/0Y1plDkGOcTTauOl25ZcFUCgIRvcqozNqmtChtI17Ts\ng40AAAEBANa0gnARs/XEjNlN8wWZalAihd57lN40eKtvQZy8L43TlaUMOlw2fplf\nBm1FxD0/2KaZss6ytv2wFsy/kMYoul8AIFGtdZ5Wp8wx3GqvQoWD+dO18pooXh98\n4bdqg+m2jw5OpJsAxfLfLzwC5slbfgMIbTsO2BBP6nf2FtFJ7nUZ7t7VC5IJnCzH\nnZXsLYii4md27B/3ZVFLaj0zGJHveoz668YTBIePpiMLYYTdVmGvH8F+5RTpAQTq\nKN9UrkkRTcKbXBTAnpOSQIpYXV1w4SDXMgZAHtDS6vh8nR/r3PQtZypI9JC3wv6r\ngLlDcJQbSjtV9DH/nor3c0763tYZJvkAAAAAAQID\n-----END OPENSSH PRIVATE KEY-----\n",
            "private_key_pem": "-----BEGIN RSA PRIVATE KEY-----\nMIIJKAIBAAKCAgEAtHSNeqYfIsxe9W8+abXiRsCCpk3FfzZimJHylnws2N3zFvfx\nu3ynFrWvnu3ykJ87mg9bLGn8XhNEK2zHvOgYY9nA5lLOa4TiQMcmwk00nRYmRhtZ\n2zTL09arNWiORvef3WVYCV6flMl80NDJ7dHCsKXXvi73yuSNQhdfOtvV2b4Rm4Pi\niIZ0iKvl+CnmTyKu9O9hS8u4dIWlXzQxlQnbtCU/rgL/JKaSGkGxCMPUvK4JLNFJ\nnhNU6U9V+OAWFh8+KQybdUoqrjl6Q2Yuj2JeTuai1adgSbVobqQwsK/1SbAsHXrp\nlkEy1SbqhY3NnZj3WdqkKtij9eumuAA87xX4SbnMrlXI+RRFEFNq8oIjT/pCFOOS\n2elc9e50C5vBEbyjflTHJjY7exUAcsYG4kg86yMDkZWVMCSvj49E0PIibZtiO1xI\nPyaflT64DTXeRst0qqKfhJOZC8Hnn8qogaSgHCDNh4ZXDqao+81OfgExI4qEunKm\nRet+Q2L/EuM5pLRCBRsHc1Mz0auDqOQlyYv5M8e6+iOYbniETGhJ/9WLHCn7+KJl\natlWxq/79cJbEifqgQOEaDAYNEpeT1YdVKxh29Wvh46PVJ9CC9HSeFyHylMUEfsq\nXEOoMq2uurL52xH9uLByCuxjCFduYmwba5nWBZGhVfBZoaROmTAGAMxX4iUCAwEA\nAQKCAgBnGJej1LjBJsWxrwaXWmSWS3HZFWGaFjYqOGfB9duhYtx46NrgZI0Jem+F\neygz2+UvVUqfi0W1cYhmztUmZetZUJTWgcSQxPCGVcEdDQLcJEVllEa35+fzdReH\ngd6XSO26jSXI5JiDZsG6gy56gnaaeYVSkH7dGcpiUfwEIoiAyAhDMwv/N+HoG11d\ndIKx/3y5TvHlXdRaLeiXBbi2D1XIC+ffwLKH++pIufMssMUfrsZrJn7KovzF9p+F\nenDj3qGiziMa1W6g7xGc5AoBvQ9oQHgTXHa0ZcHuRDvVFhIrMU1i4lAFmeYyxPMD\nrkokmbnnSfS0zeSOoT00rl4hsgmRD9AIGDEnd9lVm5E4zV+KThUMjB8so4pGbRUO\nYqYNitbza+Z/cjNEGmhFMXHz4Zj8PEQzpuAs9+8R5+LEIdVM9otLIwMSRd54yiHE\nL3jne9WSthNd4oW4fTKKFE6xihTWg8akFYLo30sl/vxaVrqk2JSoYVbeoS9/xiAN\nH9Cduy7kuquej9oLwjuWXeO4ESdNt4ZCBjdyCDsTZ8LH5DwSrSvIFTr4fcvDYSYf\nq3yzfE/Ew4HID9eygYqt1OpBUcEZFaOMvo2AX5wU+pEKzpGZPEQQSnqjyep3lLb3\ntfwYKpGg8uQhcbVIuVnAfHVXQzNd13uxkW/BKKKlD0y7I6qXQQKCAQEA1yms6h/M\n0V9Xzucvtloe5RQRW2f4py2CEOC/KwHDskL22O6TBHXP9gc/BIoAB89mjFPh2KYk\neqv9dtPg+sdKYYj4f2IgBFyuwmgeRRyQMvrqWlY92YbPcfYTpPBAs9OLdFekP4Kn\nspI0GJ2WZ2a/26DHUQ78P4mFsODzbb+mMblWexjd2dtZ04VUFbGy8+4qxG59YDx8\nTulh7F0Dy7lW+C6zZS69EKwAq0luJU/nVZYvT1m1eM0xYDFhzOQz0rRDeaWRZ5rk\nZQFbu2U6ks/qEoSNe3AuBRt5hA9BoKX/RjWmUOQY5xNNq46XbllwVQKAhG9yqjM2\nqa0KG0jXtOyDjQKCAQEA1rSCcBGz9cSM2U3zBZlqUCKF3nuU3jR4q29BnLwvjdOV\npQw6XDZ+mV8GbUXEPT/YppmyzrK2/bAWzL+Qxii6XwAgUa11nlanzDHcaq9ChYP5\n07XymiheH3zht2qD6baPDk6kmwDF8t8vPALmyVt+AwhtOw7YEE/qd/YW0UnudRnu\n3tULkgmcLMedlewtiKLiZ3bsH/dlUUtqPTMYke96jPrrxhMEh4+mIwthhN1WYa8f\nwX7lFOkBBOoo31SuSRFNwptcFMCek5JAilhdXXDhINcyBkAe0NLq+HydH+vc9C1n\nKkj0kLfC/quAuUNwlBtKO1X0Mf+eivdzTvre1hkm+QKCAQEAsua4G8NtLfm0rRiV\nF24/mgHhnLsKiRbRuu7khQHmkeYUEbPtEhxTWiIUR9XmyJeukKd+dgFO+6DeE1uB\nCYODWS3mUSRpsrbNqF+iK5zgWUNAcPScYK4y9nLBSrdpVRxkK8xjiVs9zMC8CGuf\nj0Jj7F323HM1Ui8qtjOUtIBR065jNd8rN+Wm/rUxgQhL3378mG+2V7pzMbnj7gA5\nE797jMhn6Y2/LomV1NYte2DA3O0PUU8qENOsZmspApAMdvnj0NXV3OtxVHqYp2w4\nE7JE0jjc2vIfkaeSljeJPeZIJzycmU3PVvM59ZeOWfaL7GM0MOnp0ZLbtKFocd9T\nW9/8UQKCAQBjbDtqwgffqyC+EAaVdTFx4kqzd+675vhqCp8LgWlT98K4Jy1vPhzp\n0MMdHs18v3AH1eyjIsbyOvST47Ga0YlcLKbKq9RneiFBwWUcUgQv56lsjDjHgiHz\n2tR7Juvm8g7UxT4cOQNxMECjPYS5gZCcvu42Bu2uwBMHcgGm8OFngJbIwUcWXTTg\n1571qeR7/VFyL/Ov6dQVDSMpK9wY2Bib6CX+Fxhl3fNFDyQdbpFtsra115klUbCT\nIgvDP2dllom3sFG3mmrUU0lnxvuVJYxatMwJcO/UK5d7cdkgywwKVmwLfLUjvrSh\nUbHOGJitPOXnDCqEbKZyG5xd2nYOFp+hAoIBAEE1UXUO1Vgykg1l22Q9O5iNSsxv\nWF0QK6nfrBQIGYi7mm8Tjpy4SYx/mjXEfffA4/X/ErvrXY97GPIBSOhiD/3MOPSc\nUkMciKynYclGI3PN0wDTWSBeqw+iYlHK2oFwLnNp50v+qdcoqzrxXyl5khBZK6Ju\nlzUMwvJkl4w4pa5v1paExRr0CuVKtobQbm8UFiFjraHvObE8ROvl2Riz9XOciK54\n2lky890+v/v7QsshjTooCISyJugz50lp6q8RaLk0oXqrbZOScE1MTXVV67KdMTHn\nUyruHtX7bMYoNkA7i0k8d8qitlBb+Gk4UM5G1xx97RVXgLb8gk6ATslL0gQ=\n-----END RSA PRIVATE KEY-----\n",
            "public_key_fingerprint_md5": "af:bb:b6:b7:6c:e7:8d:2a:87:95:aa:32:2c:3e:c3:9f",
            "public_key_fingerprint_sha256": "SHA256:Qs0bSKTRl+5tXiYNE8VGY4oTasWBIq0PxiAscof46m4",
            "public_key_openssh": "ssh-rsa AAAAB3NzaC1yc2EAAAADAQABAAACAQC0dI16ph8izF71bz5pteJGwIKmTcV/NmKYkfKWfCzY3fMW9/G7fKcWta+e7fKQnzuaD1ssafxeE0QrbMe86Bhj2cDmUs5rhOJAxybCTTSdFiZGG1nbNMvT1qs1aI5G95/dZVgJXp+UyXzQ0Mnt0cKwpde+LvfK5I1CF18629XZvhGbg+KIhnSIq+X4KeZPIq7072FLy7h0haVfNDGVCdu0JT+uAv8kppIaQbEIw9S8rgks0UmeE1TpT1X44BYWHz4pDJt1SiquOXpDZi6PYl5O5qLVp2BJtWhupDCwr/VJsCwdeumWQTLVJuqFjc2dmPdZ2qQq2KP166a4ADzvFfhJucyuVcj5FEUQU2rygiNP+kIU45LZ6Vz17nQLm8ERvKN+VMcmNjt7FQByxgbiSDzrIwORlZUwJK+Pj0TQ8iJtm2I7XEg/Jp+VPrgNNd5Gy3Sqop+Ek5kLweefyqiBpKAcIM2HhlcOpqj7zU5+ATEjioS6cqZF635DYv8S4zmktEIFGwdzUzPRq4Oo5CXJi/kzx7r6I5hueIRMaEn/1YscKfv4omVq2VbGr/v1wlsSJ+qBA4RoMBg0Sl5PVh1UrGHb1a+Hjo9Un0IL0dJ4XIfKUxQR+ypcQ6gyra66svnbEf24sHIK7GMIV25ibBtrmdYFkaFV8FmhpE6ZMAYAzFfiJQ==\n",
            "public_key_pem": "-----BEGIN PUBLIC KEY-----\nMIICIjANBgkqhkiG9w0BAQEFAAOCAg8AMIICCgKCAgEAtHSNeqYfIsxe9W8+abXi\nRsCCpk3FfzZimJHylnws2N3zFvfxu3ynFrWvnu3ykJ87mg9bLGn8XhNEK2zHvOgY\nY9nA5lLOa4TiQMcmwk00nRYmRhtZ2zTL09arNWiORvef3WVYCV6flMl80NDJ7dHC\nsKXXvi73yuSNQhdfOtvV2b4Rm4PiiIZ0iKvl+CnmTyKu9O9hS8u4dIWlXzQxlQnb\ntCU/rgL/JKaSGkGxCMPUvK4JLNFJnhNU6U9V+OAWFh8+KQybdUoqrjl6Q2Yuj2Je\nTuai1adgSbVobqQwsK/1SbAsHXrplkEy1SbqhY3NnZj3WdqkKtij9eumuAA87xX4\nSbnMrlXI+RRFEFNq8oIjT/pCFOOS2elc9e50C5vBEbyjflTHJjY7exUAcsYG4kg8\n6yMDkZWVMCSvj49E0PIibZtiO1xIPyaflT64DTXeRst0qqKfhJOZC8Hnn8qogaSg\nHCDNh4ZXDqao+81OfgExI4qEunKmRet+Q2L/EuM5pLRCBRsHc1Mz0auDqOQlyYv5\nM8e6+iOYbniETGhJ/9WLHCn7+KJlatlWxq/79cJbEifqgQOEaDAYNEpeT1YdVKxh\n29Wvh46PVJ9CC9HSeFyHylMUEfsqXEOoMq2uurL52xH9uLByCuxjCFduYmwba5nW\nBZGhVfBZoaROmTAGAMxX4iUCAwEAAQ==\n-----END PUBLIC KEY-----\n",
            "rsa_bits": 4096
          },
          "sensitive_attributes": [],
          "private": "bnVsbA=="
        }
      ]
    },
    {
      "module": "module.key_gen.module.key_pair",
      "mode": "managed",
      "type": "aws_key_pair",
      "name": "this",
      "provider": "provider[\"registry.terraform.io/hashicorp/aws\"]",
      "instances": [
        {
          "index_key": 0,
          "schema_version": 1,
          "attributes": {
            "arn": "arn:aws:ec2:us-east-1:324262702463:key-pair/tf_key",
            "fingerprint": "0b:8c:cf:8e:da:d4:a1:46:d9:9b:47:57:15:db:10:69",
            "id": "tf_key",
            "key_name": "tf_key",
            "key_name_prefix": "",
            "key_pair_id": "key-0262170a19460109f",
            "public_key": "ssh-rsa AAAAB3NzaC1yc2EAAAADAQABAAACAQC0dI16ph8izF71bz5pteJGwIKmTcV/NmKYkfKWfCzY3fMW9/G7fKcWta+e7fKQnzuaD1ssafxeE0QrbMe86Bhj2cDmUs5rhOJAxybCTTSdFiZGG1nbNMvT1qs1aI5G95/dZVgJXp+UyXzQ0Mnt0cKwpde+LvfK5I1CF18629XZvhGbg+KIhnSIq+X4KeZPIq7072FLy7h0haVfNDGVCdu0JT+uAv8kppIaQbEIw9S8rgks0UmeE1TpT1X44BYWHz4pDJt1SiquOXpDZi6PYl5O5qLVp2BJtWhupDCwr/VJsCwdeumWQTLVJuqFjc2dmPdZ2qQq2KP166a4ADzvFfhJucyuVcj5FEUQU2rygiNP+kIU45LZ6Vz17nQLm8ERvKN+VMcmNjt7FQByxgbiSDzrIwORlZUwJK+Pj0TQ8iJtm2I7XEg/Jp+VPrgNNd5Gy3Sqop+Ek5kLweefyqiBpKAcIM2HhlcOpqj7zU5+ATEjioS6cqZF635DYv8S4zmktEIFGwdzUzPRq4Oo5CXJi/kzx7r6I5hueIRMaEn/1YscKfv4omVq2VbGr/v1wlsSJ+qBA4RoMBg0Sl5PVh1UrGHb1a+Hjo9Un0IL0dJ4XIfKUxQR+ypcQ6gyra66svnbEf24sHIK7GMIV25ibBtrmdYFkaFV8FmhpE6ZMAYAzFfiJQ==",
            "tags": null,
            "tags_all": {}
          },
          "sensitive_attributes": [],
          "private": "eyJzY2hlbWFfdmVyc2lvbiI6IjEifQ==",
          "dependencies": [
            "module.key_gen.tls_private_key.rsa"
          ]
        }
      ]
    },
    {
      "module": "module.networking",
      "mode": "data",
      "type": "aws_availability_zones",
      "name": "available",
      "provider": "provider[\"registry.terraform.io/hashicorp/aws\"]",
      "instances": [
        {
          "schema_version": 0,
          "attributes": {
            "all_availability_zones": null,
            "exclude_names": null,
            "exclude_zone_ids": null,
            "filter": null,
            "group_names": [
              "us-east-1"
            ],
            "id": "us-east-1",
            "names": [
              "us-east-1a",
              "us-east-1b",
              "us-east-1c",
              "us-east-1d",
              "us-east-1e",
              "us-east-1f"
            ],
            "state": null,
            "zone_ids": [
              "use1-az2",
              "use1-az4",
              "use1-az6",
              "use1-az1",
              "use1-az3",
              "use1-az5"
            ]
          },
          "sensitive_attributes": []
        }
      ]
    },
    {
      "module": "module.networking.module.vpc",
      "mode": "managed",
      "type": "aws_eip",
      "name": "nat",
      "provider": "provider[\"registry.terraform.io/hashicorp/aws\"]",
      "instances": [
        {
          "index_key": 0,
          "schema_version": 0,
          "attributes": {
            "address": null,
            "allocation_id": "eipalloc-0a19418f7c2e5477c",
            "associate_with_private_ip": null,
            "association_id": "",
            "carrier_ip": "",
            "customer_owned_ip": "",
            "customer_owned_ipv4_pool": "",
            "domain": "vpc",
            "id": "eipalloc-0a19418f7c2e5477c",
            "instance": "",
            "network_border_group": "us-east-1",
            "network_interface": "",
            "private_dns": null,
            "private_ip": "",
            "public_dns": "ec2-54-157-225-222.compute-1.amazonaws.com",
            "public_ip": "54.157.225.222",
            "public_ipv4_pool": "amazon",
            "tags": {
              "Name": "JasperMainNet-us-east-1a"
            },
            "tags_all": {
              "Name": "JasperMainNet-us-east-1a"
            },
            "timeouts": null,
            "vpc": true
          },
          "sensitive_attributes": [],
          "private": "eyJlMmJmYjczMC1lY2FhLTExZTYtOGY4OC0zNDM2M2JjN2M0YzAiOnsiZGVsZXRlIjoxODAwMDAwMDAwMDAsInJlYWQiOjkwMDAwMDAwMDAwMCwidXBkYXRlIjozMDAwMDAwMDAwMDB9fQ==",
          "dependencies": [
            "module.networking.data.aws_availability_zones.available"
          ]
        }
      ]
    },
    {
      "module": "module.networking.module.vpc",
      "mode": "managed",
      "type": "aws_internet_gateway",
      "name": "this",
      "provider": "provider[\"registry.terraform.io/hashicorp/aws\"]",
      "instances": [
        {
          "index_key": 0,
          "schema_version": 0,
          "attributes": {
            "arn": "arn:aws:ec2:us-east-1:324262702463:internet-gateway/igw-0d660d300bd038441",
            "id": "igw-0d660d300bd038441",
            "owner_id": "324262702463",
            "tags": {
              "Name": "JasperMainNet"
            },
            "tags_all": {
              "Name": "JasperMainNet"
            },
            "vpc_id": "vpc-0871b933a565438eb"
          },
          "sensitive_attributes": [],
          "private": "bnVsbA==",
          "dependencies": [
            "module.networking.module.vpc.aws_vpc.this",
            "module.networking.module.vpc.aws_vpc_ipv4_cidr_block_association.this"
          ]
        }
      ]
    },
    {
      "module": "module.networking.module.vpc",
      "mode": "managed",
      "type": "aws_nat_gateway",
      "name": "this",
      "provider": "provider[\"registry.terraform.io/hashicorp/aws\"]",
      "instances": [
        {
          "index_key": 0,
          "schema_version": 0,
          "attributes": {
            "allocation_id": "eipalloc-0a19418f7c2e5477c",
            "connectivity_type": "public",
            "id": "nat-0e20e7ccede738ec3",
            "network_interface_id": "eni-0da9b9e3429885a6c",
            "private_ip": "10.100.32.9",
            "public_ip": "54.157.225.222",
            "subnet_id": "subnet-04be185ac8d3d632f",
            "tags": {
              "Name": "JasperMainNet-us-east-1a"
            },
            "tags_all": {
              "Name": "JasperMainNet-us-east-1a"
            }
          },
          "sensitive_attributes": [],
          "private": "bnVsbA==",
          "dependencies": [
            "module.networking.data.aws_availability_zones.available",
            "module.networking.module.vpc.aws_eip.nat",
            "module.networking.module.vpc.aws_internet_gateway.this",
            "module.networking.module.vpc.aws_subnet.public",
            "module.networking.module.vpc.aws_vpc.this",
            "module.networking.module.vpc.aws_vpc_ipv4_cidr_block_association.this"
          ]
        }
      ]
    },
    {
      "module": "module.networking.module.vpc",
      "mode": "managed",
      "type": "aws_route",
      "name": "private_nat_gateway",
      "provider": "provider[\"registry.terraform.io/hashicorp/aws\"]",
      "instances": [
        {
          "index_key": 0,
          "schema_version": 0,
          "attributes": {
            "carrier_gateway_id": "",
            "core_network_arn": "",
            "destination_cidr_block": "0.0.0.0/0",
            "destination_ipv6_cidr_block": "",
            "destination_prefix_list_id": "",
            "egress_only_gateway_id": "",
            "gateway_id": "",
            "id": "r-rtb-00ba1fa99ef0674091080289494",
            "instance_id": "",
            "instance_owner_id": "",
            "local_gateway_id": "",
            "nat_gateway_id": "nat-0e20e7ccede738ec3",
            "network_interface_id": "",
            "origin": "CreateRoute",
            "route_table_id": "rtb-00ba1fa99ef067409",
            "state": "active",
            "timeouts": {
              "create": "5m",
              "delete": null,
              "update": null
            },
            "transit_gateway_id": "",
            "vpc_endpoint_id": "",
            "vpc_peering_connection_id": ""
          },
          "sensitive_attributes": [],
          "private": "eyJlMmJmYjczMC1lY2FhLTExZTYtOGY4OC0zNDM2M2JjN2M0YzAiOnsiY3JlYXRlIjozMDAwMDAwMDAwMDAsImRlbGV0ZSI6MzAwMDAwMDAwMDAwLCJ1cGRhdGUiOjEyMDAwMDAwMDAwMH19",
          "dependencies": [
            "module.networking.data.aws_availability_zones.available",
            "module.networking.module.vpc.aws_eip.nat",
            "module.networking.module.vpc.aws_internet_gateway.this",
            "module.networking.module.vpc.aws_nat_gateway.this",
            "module.networking.module.vpc.aws_route_table.private",
            "module.networking.module.vpc.aws_subnet.public",
            "module.networking.module.vpc.aws_vpc.this",
            "module.networking.module.vpc.aws_vpc_ipv4_cidr_block_association.this"
          ]
        }
      ]
    },
    {
      "module": "module.networking.module.vpc",
      "mode": "managed",
      "type": "aws_route",
      "name": "public_internet_gateway",
      "provider": "provider[\"registry.terraform.io/hashicorp/aws\"]",
      "instances": [
        {
          "index_key": 0,
          "schema_version": 0,
          "attributes": {
            "carrier_gateway_id": "",
            "core_network_arn": "",
            "destination_cidr_block": "0.0.0.0/0",
            "destination_ipv6_cidr_block": "",
            "destination_prefix_list_id": "",
            "egress_only_gateway_id": "",
            "gateway_id": "igw-0d660d300bd038441",
            "id": "r-rtb-0a17576f79b0261591080289494",
            "instance_id": "",
            "instance_owner_id": "",
            "local_gateway_id": "",
            "nat_gateway_id": "",
            "network_interface_id": "",
            "origin": "CreateRoute",
            "route_table_id": "rtb-0a17576f79b026159",
            "state": "active",
            "timeouts": {
              "create": "5m",
              "delete": null,
              "update": null
            },
            "transit_gateway_id": "",
            "vpc_endpoint_id": "",
            "vpc_peering_connection_id": ""
          },
          "sensitive_attributes": [],
          "private": "eyJlMmJmYjczMC1lY2FhLTExZTYtOGY4OC0zNDM2M2JjN2M0YzAiOnsiY3JlYXRlIjozMDAwMDAwMDAwMDAsImRlbGV0ZSI6MzAwMDAwMDAwMDAwLCJ1cGRhdGUiOjEyMDAwMDAwMDAwMH19",
          "dependencies": [
            "module.networking.module.vpc.aws_internet_gateway.this",
            "module.networking.module.vpc.aws_route_table.public",
            "module.networking.module.vpc.aws_vpc.this",
            "module.networking.module.vpc.aws_vpc_ipv4_cidr_block_association.this"
          ]
        }
      ]
    },
    {
      "module": "module.networking.module.vpc",
      "mode": "managed",
      "type": "aws_route_table",
      "name": "private",
      "provider": "provider[\"registry.terraform.io/hashicorp/aws\"]",
      "instances": [
        {
          "index_key": 0,
          "schema_version": 0,
          "attributes": {
            "arn": "arn:aws:ec2:us-east-1:324262702463:route-table/rtb-00ba1fa99ef067409",
            "id": "rtb-00ba1fa99ef067409",
            "owner_id": "324262702463",
            "propagating_vgws": [],
            "route": [],
            "tags": {
              "Name": "JasperMainNet-private"
            },
            "tags_all": {
              "Name": "JasperMainNet-private"
            },
            "timeouts": null,
            "vpc_id": "vpc-0871b933a565438eb"
          },
          "sensitive_attributes": [],
          "private": "eyJlMmJmYjczMC1lY2FhLTExZTYtOGY4OC0zNDM2M2JjN2M0YzAiOnsiY3JlYXRlIjozMDAwMDAwMDAwMDAsImRlbGV0ZSI6MzAwMDAwMDAwMDAwLCJ1cGRhdGUiOjEyMDAwMDAwMDAwMH19",
          "dependencies": [
            "module.networking.data.aws_availability_zones.available",
            "module.networking.module.vpc.aws_vpc.this",
            "module.networking.module.vpc.aws_vpc_ipv4_cidr_block_association.this"
          ]
        }
      ]
    },
    {
      "module": "module.networking.module.vpc",
      "mode": "managed",
      "type": "aws_route_table",
      "name": "public",
      "provider": "provider[\"registry.terraform.io/hashicorp/aws\"]",
      "instances": [
        {
          "index_key": 0,
          "schema_version": 0,
          "attributes": {
            "arn": "arn:aws:ec2:us-east-1:324262702463:route-table/rtb-0a17576f79b026159",
            "id": "rtb-0a17576f79b026159",
            "owner_id": "324262702463",
            "propagating_vgws": [],
            "route": [],
            "tags": {
              "Name": "JasperMainNet-public"
            },
            "tags_all": {
              "Name": "JasperMainNet-public"
            },
            "timeouts": null,
            "vpc_id": "vpc-0871b933a565438eb"
          },
          "sensitive_attributes": [],
          "private": "eyJlMmJmYjczMC1lY2FhLTExZTYtOGY4OC0zNDM2M2JjN2M0YzAiOnsiY3JlYXRlIjozMDAwMDAwMDAwMDAsImRlbGV0ZSI6MzAwMDAwMDAwMDAwLCJ1cGRhdGUiOjEyMDAwMDAwMDAwMH19",
          "dependencies": [
            "module.networking.module.vpc.aws_vpc.this",
            "module.networking.module.vpc.aws_vpc_ipv4_cidr_block_association.this"
          ]
        }
      ]
    },
    {
      "module": "module.networking.module.vpc",
      "mode": "managed",
      "type": "aws_route_table_association",
      "name": "private",
      "provider": "provider[\"registry.terraform.io/hashicorp/aws\"]",
      "instances": [
        {
          "index_key": 0,
          "schema_version": 0,
          "attributes": {
            "gateway_id": "",
            "id": "rtbassoc-084593cd177685ab7",
            "route_table_id": "rtb-00ba1fa99ef067409",
            "subnet_id": "subnet-09bfeb0f5a093eb41"
          },
          "sensitive_attributes": [],
          "private": "bnVsbA==",
          "dependencies": [
            "module.networking.data.aws_availability_zones.available",
            "module.networking.module.vpc.aws_route_table.private",
            "module.networking.module.vpc.aws_subnet.private",
            "module.networking.module.vpc.aws_vpc.this",
            "module.networking.module.vpc.aws_vpc_ipv4_cidr_block_association.this"
          ]
        },
        {
          "index_key": 1,
          "schema_version": 0,
          "attributes": {
            "gateway_id": "",
            "id": "rtbassoc-07f69fa328dafcdc7",
            "route_table_id": "rtb-00ba1fa99ef067409",
            "subnet_id": "subnet-060dc72eded0e0b7f"
          },
          "sensitive_attributes": [],
          "private": "bnVsbA==",
          "dependencies": [
            "module.networking.data.aws_availability_zones.available",
            "module.networking.module.vpc.aws_route_table.private",
            "module.networking.module.vpc.aws_subnet.private",
            "module.networking.module.vpc.aws_vpc.this",
            "module.networking.module.vpc.aws_vpc_ipv4_cidr_block_association.this"
          ]
        }
      ]
    },
    {
      "module": "module.networking.module.vpc",
      "mode": "managed",
      "type": "aws_route_table_association",
      "name": "public",
      "provider": "provider[\"registry.terraform.io/hashicorp/aws\"]",
      "instances": [
        {
          "index_key": 0,
          "schema_version": 0,
          "attributes": {
            "gateway_id": "",
            "id": "rtbassoc-062f243eadedb12f9",
            "route_table_id": "rtb-0a17576f79b026159",
            "subnet_id": "subnet-04be185ac8d3d632f"
          },
          "sensitive_attributes": [],
          "private": "bnVsbA==",
          "dependencies": [
            "module.networking.data.aws_availability_zones.available",
            "module.networking.module.vpc.aws_route_table.public",
            "module.networking.module.vpc.aws_subnet.public",
            "module.networking.module.vpc.aws_vpc.this",
            "module.networking.module.vpc.aws_vpc_ipv4_cidr_block_association.this"
          ]
        },
        {
          "index_key": 1,
          "schema_version": 0,
          "attributes": {
            "gateway_id": "",
            "id": "rtbassoc-01c1292e6dfea874a",
            "route_table_id": "rtb-0a17576f79b026159",
            "subnet_id": "subnet-0c4a04a300eafb01f"
          },
          "sensitive_attributes": [],
          "private": "bnVsbA==",
          "dependencies": [
            "module.networking.data.aws_availability_zones.available",
            "module.networking.module.vpc.aws_route_table.public",
            "module.networking.module.vpc.aws_subnet.public",
            "module.networking.module.vpc.aws_vpc.this",
            "module.networking.module.vpc.aws_vpc_ipv4_cidr_block_association.this"
          ]
        }
      ]
    },
    {
      "module": "module.networking.module.vpc",
      "mode": "managed",
      "type": "aws_subnet",
      "name": "private",
      "provider": "provider[\"registry.terraform.io/hashicorp/aws\"]",
      "instances": [
        {
          "index_key": 0,
          "schema_version": 1,
          "attributes": {
            "arn": "arn:aws:ec2:us-east-1:324262702463:subnet/subnet-09bfeb0f5a093eb41",
            "assign_ipv6_address_on_creation": false,
            "availability_zone": "us-east-1a",
            "availability_zone_id": "use1-az2",
            "cidr_block": "10.100.0.0/24",
            "customer_owned_ipv4_pool": "",
            "enable_dns64": false,
            "enable_resource_name_dns_a_record_on_launch": false,
            "enable_resource_name_dns_aaaa_record_on_launch": false,
            "id": "subnet-09bfeb0f5a093eb41",
            "ipv6_cidr_block": "",
            "ipv6_cidr_block_association_id": "",
            "ipv6_native": false,
            "map_customer_owned_ip_on_launch": false,
            "map_public_ip_on_launch": false,
            "outpost_arn": "",
            "owner_id": "324262702463",
            "private_dns_hostname_type_on_launch": "ip-name",
            "tags": {
              "Name": "JasperMainNet-private-us-east-1a"
            },
            "tags_all": {
              "Name": "JasperMainNet-private-us-east-1a"
            },
            "timeouts": null,
            "vpc_id": "vpc-0871b933a565438eb"
          },
          "sensitive_attributes": [],
          "private": "eyJlMmJmYjczMC1lY2FhLTExZTYtOGY4OC0zNDM2M2JjN2M0YzAiOnsiY3JlYXRlIjo2MDAwMDAwMDAwMDAsImRlbGV0ZSI6MTIwMDAwMDAwMDAwMH0sInNjaGVtYV92ZXJzaW9uIjoiMSJ9",
          "dependencies": [
            "module.networking.data.aws_availability_zones.available",
            "module.networking.module.vpc.aws_vpc.this",
            "module.networking.module.vpc.aws_vpc_ipv4_cidr_block_association.this"
          ]
        },
        {
          "index_key": 1,
          "schema_version": 1,
          "attributes": {
            "arn": "arn:aws:ec2:us-east-1:324262702463:subnet/subnet-060dc72eded0e0b7f",
            "assign_ipv6_address_on_creation": false,
            "availability_zone": "us-east-1b",
            "availability_zone_id": "use1-az4",
            "cidr_block": "10.100.1.0/24",
            "customer_owned_ipv4_pool": "",
            "enable_dns64": false,
            "enable_resource_name_dns_a_record_on_launch": false,
            "enable_resource_name_dns_aaaa_record_on_launch": false,
            "id": "subnet-060dc72eded0e0b7f",
            "ipv6_cidr_block": "",
            "ipv6_cidr_block_association_id": "",
            "ipv6_native": false,
            "map_customer_owned_ip_on_launch": false,
            "map_public_ip_on_launch": false,
            "outpost_arn": "",
            "owner_id": "324262702463",
            "private_dns_hostname_type_on_launch": "ip-name",
            "tags": {
              "Name": "JasperMainNet-private-us-east-1b"
            },
            "tags_all": {
              "Name": "JasperMainNet-private-us-east-1b"
            },
            "timeouts": null,
            "vpc_id": "vpc-0871b933a565438eb"
          },
          "sensitive_attributes": [],
          "private": "eyJlMmJmYjczMC1lY2FhLTExZTYtOGY4OC0zNDM2M2JjN2M0YzAiOnsiY3JlYXRlIjo2MDAwMDAwMDAwMDAsImRlbGV0ZSI6MTIwMDAwMDAwMDAwMH0sInNjaGVtYV92ZXJzaW9uIjoiMSJ9",
          "dependencies": [
            "module.networking.data.aws_availability_zones.available",
            "module.networking.module.vpc.aws_vpc.this",
            "module.networking.module.vpc.aws_vpc_ipv4_cidr_block_association.this"
          ]
        }
      ]
    },
    {
      "module": "module.networking.module.vpc",
      "mode": "managed",
      "type": "aws_subnet",
      "name": "public",
      "provider": "provider[\"registry.terraform.io/hashicorp/aws\"]",
      "instances": [
        {
          "index_key": 0,
          "schema_version": 1,
          "attributes": {
            "arn": "arn:aws:ec2:us-east-1:324262702463:subnet/subnet-04be185ac8d3d632f",
            "assign_ipv6_address_on_creation": false,
            "availability_zone": "us-east-1a",
            "availability_zone_id": "use1-az2",
            "cidr_block": "10.100.32.0/24",
            "customer_owned_ipv4_pool": "",
            "enable_dns64": false,
            "enable_resource_name_dns_a_record_on_launch": false,
            "enable_resource_name_dns_aaaa_record_on_launch": false,
            "id": "subnet-04be185ac8d3d632f",
            "ipv6_cidr_block": "",
            "ipv6_cidr_block_association_id": "",
            "ipv6_native": false,
            "map_customer_owned_ip_on_launch": false,
            "map_public_ip_on_launch": true,
            "outpost_arn": "",
            "owner_id": "324262702463",
            "private_dns_hostname_type_on_launch": "ip-name",
            "tags": {
              "Name": "JasperMainNet-public-us-east-1a"
            },
            "tags_all": {
              "Name": "JasperMainNet-public-us-east-1a"
            },
            "timeouts": null,
            "vpc_id": "vpc-0871b933a565438eb"
          },
          "sensitive_attributes": [],
          "private": "eyJlMmJmYjczMC1lY2FhLTExZTYtOGY4OC0zNDM2M2JjN2M0YzAiOnsiY3JlYXRlIjo2MDAwMDAwMDAwMDAsImRlbGV0ZSI6MTIwMDAwMDAwMDAwMH0sInNjaGVtYV92ZXJzaW9uIjoiMSJ9",
          "dependencies": [
            "module.networking.data.aws_availability_zones.available",
            "module.networking.module.vpc.aws_vpc.this",
            "module.networking.module.vpc.aws_vpc_ipv4_cidr_block_association.this"
          ]
        },
        {
          "index_key": 1,
          "schema_version": 1,
          "attributes": {
            "arn": "arn:aws:ec2:us-east-1:324262702463:subnet/subnet-0c4a04a300eafb01f",
            "assign_ipv6_address_on_creation": false,
            "availability_zone": "us-east-1b",
            "availability_zone_id": "use1-az4",
            "cidr_block": "10.100.42.0/24",
            "customer_owned_ipv4_pool": "",
            "enable_dns64": false,
            "enable_resource_name_dns_a_record_on_launch": false,
            "enable_resource_name_dns_aaaa_record_on_launch": false,
            "id": "subnet-0c4a04a300eafb01f",
            "ipv6_cidr_block": "",
            "ipv6_cidr_block_association_id": "",
            "ipv6_native": false,
            "map_customer_owned_ip_on_launch": false,
            "map_public_ip_on_launch": true,
            "outpost_arn": "",
            "owner_id": "324262702463",
            "private_dns_hostname_type_on_launch": "ip-name",
            "tags": {
              "Name": "JasperMainNet-public-us-east-1b"
            },
            "tags_all": {
              "Name": "JasperMainNet-public-us-east-1b"
            },
            "timeouts": null,
            "vpc_id": "vpc-0871b933a565438eb"
          },
          "sensitive_attributes": [],
          "private": "eyJlMmJmYjczMC1lY2FhLTExZTYtOGY4OC0zNDM2M2JjN2M0YzAiOnsiY3JlYXRlIjo2MDAwMDAwMDAwMDAsImRlbGV0ZSI6MTIwMDAwMDAwMDAwMH0sInNjaGVtYV92ZXJzaW9uIjoiMSJ9",
          "dependencies": [
            "module.networking.data.aws_availability_zones.available",
            "module.networking.module.vpc.aws_vpc.this",
            "module.networking.module.vpc.aws_vpc_ipv4_cidr_block_association.this"
          ]
        }
      ]
    },
    {
      "module": "module.networking.module.vpc",
      "mode": "managed",
      "type": "aws_vpc",
      "name": "this",
      "provider": "provider[\"registry.terraform.io/hashicorp/aws\"]",
      "instances": [
        {
          "index_key": 0,
          "schema_version": 1,
          "attributes": {
            "arn": "arn:aws:ec2:us-east-1:324262702463:vpc/vpc-0871b933a565438eb",
            "assign_generated_ipv6_cidr_block": false,
            "cidr_block": "10.100.0.0/16",
            "default_network_acl_id": "acl-078ad7534f32814c7",
            "default_route_table_id": "rtb-00def2be576a95cbd",
            "default_security_group_id": "sg-055d559874816fdd4",
            "dhcp_options_id": "dopt-045dc3cdc02e8a80c",
            "enable_classiclink": false,
            "enable_classiclink_dns_support": false,
            "enable_dns_hostnames": false,
            "enable_dns_support": true,
            "id": "vpc-0871b933a565438eb",
            "instance_tenancy": "default",
            "ipv4_ipam_pool_id": null,
            "ipv4_netmask_length": null,
            "ipv6_association_id": "",
            "ipv6_cidr_block": "",
            "ipv6_cidr_block_network_border_group": "",
            "ipv6_ipam_pool_id": "",
            "ipv6_netmask_length": 0,
            "main_route_table_id": "rtb-00def2be576a95cbd",
            "owner_id": "324262702463",
            "tags": {
              "Name": "JasperMainNet"
            },
            "tags_all": {
              "Name": "JasperMainNet"
            }
          },
          "sensitive_attributes": [],
          "private": "eyJzY2hlbWFfdmVyc2lvbiI6IjEifQ=="
        }
      ]
    }
  ]
}
